// !$*UTF8*$!
{
	archiveVersion = 1;
	classes = {
	};
	objectVersion = 46;
	objects = {

/* Begin PBXBuildFile section */
		CC2212581C51F0CB00BC2219 /* DBEngine.m in Sources */ = {isa = PBXBuildFile; fileRef = CC2212571C51F0CB00BC2219 /* DBEngine.m */; };
		CC2212651C51FE8700BC2219 /* FMDatabase.m in Sources */ = {isa = PBXBuildFile; fileRef = CC22125B1C51FE8700BC2219 /* FMDatabase.m */; };
		CC2212661C51FE8700BC2219 /* FMDatabaseAdditions.m in Sources */ = {isa = PBXBuildFile; fileRef = CC22125D1C51FE8700BC2219 /* FMDatabaseAdditions.m */; };
		CC2212671C51FE8700BC2219 /* FMDatabasePool.m in Sources */ = {isa = PBXBuildFile; fileRef = CC22125F1C51FE8700BC2219 /* FMDatabasePool.m */; };
		CC2212681C51FE8700BC2219 /* FMDatabaseQueue.m in Sources */ = {isa = PBXBuildFile; fileRef = CC2212611C51FE8700BC2219 /* FMDatabaseQueue.m */; };
		CC2212691C51FE8700BC2219 /* FMResultSet.m in Sources */ = {isa = PBXBuildFile; fileRef = CC2212641C51FE8700BC2219 /* FMResultSet.m */; };
		CC2212881C5246AC00BC2219 /* FavoriteCell.m in Sources */ = {isa = PBXBuildFile; fileRef = CC2212871C5246AC00BC2219 /* FavoriteCell.m */; };
		CC22128A1C52540600BC2219 /* Favorites.db in Resources */ = {isa = PBXBuildFile; fileRef = CC2212891C52540600BC2219 /* Favorites.db */; };
		CC2726DA1C54F4E8003D0B3D /* GuideVC.m in Sources */ = {isa = PBXBuildFile; fileRef = CC2726D91C54F4E8003D0B3D /* GuideVC.m */; };
		CC2726DC1C55123F003D0B3D /* Default-568h@2x.png in Resources */ = {isa = PBXBuildFile; fileRef = CC2726DB1C55123F003D0B3D /* Default-568h@2x.png */; };
		CC7DDB6B1C55BF4000DF3583 /* SettingButton.m in Sources */ = {isa = PBXBuildFile; fileRef = CC7DDB6A1C55BF4000DF3583 /* SettingButton.m */; };
		CC8C5EBF1C4F399E00372CFF /* ContentModel.m in Sources */ = {isa = PBXBuildFile; fileRef = CC8C5EBE1C4F399E00372CFF /* ContentModel.m */; };
		CC8C5EE21C4F60DF00372CFF /* MKAnnotationView+WebCache.m in Sources */ = {isa = PBXBuildFile; fileRef = CC8C5EC21C4F60DF00372CFF /* MKAnnotationView+WebCache.m */; };
		CC8C5EE31C4F60DF00372CFF /* NSData+ImageContentType.m in Sources */ = {isa = PBXBuildFile; fileRef = CC8C5EC41C4F60DF00372CFF /* NSData+ImageContentType.m */; };
		CC8C5EE41C4F60DF00372CFF /* SDImageCache.m in Sources */ = {isa = PBXBuildFile; fileRef = CC8C5EC61C4F60DF00372CFF /* SDImageCache.m */; };
		CC8C5EE51C4F60DF00372CFF /* SDWebImageCompat.m in Sources */ = {isa = PBXBuildFile; fileRef = CC8C5EC81C4F60DF00372CFF /* SDWebImageCompat.m */; };
		CC8C5EE61C4F60DF00372CFF /* SDWebImageDecoder.m in Sources */ = {isa = PBXBuildFile; fileRef = CC8C5ECA1C4F60DF00372CFF /* SDWebImageDecoder.m */; };
		CC8C5EE71C4F60DF00372CFF /* SDWebImageDownloader.m in Sources */ = {isa = PBXBuildFile; fileRef = CC8C5ECC1C4F60DF00372CFF /* SDWebImageDownloader.m */; };
		CC8C5EE81C4F60DF00372CFF /* SDWebImageDownloaderOperation.m in Sources */ = {isa = PBXBuildFile; fileRef = CC8C5ECE1C4F60DF00372CFF /* SDWebImageDownloaderOperation.m */; };
		CC8C5EE91C4F60DF00372CFF /* SDWebImageManager.m in Sources */ = {isa = PBXBuildFile; fileRef = CC8C5ED01C4F60DF00372CFF /* SDWebImageManager.m */; };
		CC8C5EEA1C4F60DF00372CFF /* SDWebImagePrefetcher.m in Sources */ = {isa = PBXBuildFile; fileRef = CC8C5ED31C4F60DF00372CFF /* SDWebImagePrefetcher.m */; };
		CC8C5EEB1C4F60DF00372CFF /* UIButton+WebCache.m in Sources */ = {isa = PBXBuildFile; fileRef = CC8C5ED51C4F60DF00372CFF /* UIButton+WebCache.m */; };
		CC8C5EEC1C4F60DF00372CFF /* UIImage+GIF.m in Sources */ = {isa = PBXBuildFile; fileRef = CC8C5ED71C4F60DF00372CFF /* UIImage+GIF.m */; };
		CC8C5EED1C4F60DF00372CFF /* UIImage+MultiFormat.m in Sources */ = {isa = PBXBuildFile; fileRef = CC8C5ED91C4F60DF00372CFF /* UIImage+MultiFormat.m */; };
		CC8C5EEE1C4F60DF00372CFF /* UIImage+WebP.m in Sources */ = {isa = PBXBuildFile; fileRef = CC8C5EDB1C4F60DF00372CFF /* UIImage+WebP.m */; };
		CC8C5EEF1C4F60DF00372CFF /* UIImageView+HighlightedWebCache.m in Sources */ = {isa = PBXBuildFile; fileRef = CC8C5EDD1C4F60DF00372CFF /* UIImageView+HighlightedWebCache.m */; };
		CC8C5EF01C4F60DF00372CFF /* UIImageView+WebCache.m in Sources */ = {isa = PBXBuildFile; fileRef = CC8C5EDF1C4F60DF00372CFF /* UIImageView+WebCache.m */; };
		CC8C5EF11C4F60DF00372CFF /* UIView+WebCacheOperation.m in Sources */ = {isa = PBXBuildFile; fileRef = CC8C5EE11C4F60DF00372CFF /* UIView+WebCacheOperation.m */; };
		CC92CAEC1C4F6F5500FDE995 /* NSString+Size.m in Sources */ = {isa = PBXBuildFile; fileRef = CC92CAEB1C4F6F5500FDE995 /* NSString+Size.m */; };
		CC92CB1B1C4FA51200FDE995 /* FXBlurView.m in Sources */ = {isa = PBXBuildFile; fileRef = CC92CB1A1C4FA51200FDE995 /* FXBlurView.m */; };
		CC92CB2D1C4FC54C00FDE995 /* SettingVC.m in Sources */ = {isa = PBXBuildFile; fileRef = CC92CB2C1C4FC54C00FDE995 /* SettingVC.m */; };
		CCC0A1F61C53198C00D29C22 /* libsqlite3.0.tbd in Frameworks */ = {isa = PBXBuildFile; fileRef = CCC0A1F51C53198C00D29C22 /* libsqlite3.0.tbd */; };
		CCC0A24F1C53B01900D29C22 /* UMSocialLocalizable.strings in Resources */ = {isa = PBXBuildFile; fileRef = CCC0A2351C53B01900D29C22 /* UMSocialLocalizable.strings */; };
		CCC0A2501C53B01900D29C22 /* libUMSocial_Sdk_4.4.a in Frameworks */ = {isa = PBXBuildFile; fileRef = CCC0A2431C53B01900D29C22 /* libUMSocial_Sdk_4.4.a */; };
		CCC0A2511C53B01900D29C22 /* UMSCommentDetailController.xib in Resources */ = {isa = PBXBuildFile; fileRef = CCC0A2451C53B01900D29C22 /* UMSCommentDetailController.xib */; };
		CCC0A2521C53B01900D29C22 /* UMSCommentInputController.xib in Resources */ = {isa = PBXBuildFile; fileRef = CCC0A2461C53B01900D29C22 /* UMSCommentInputController.xib */; };
		CCC0A2531C53B01900D29C22 /* UMSCommentInputControlleriPad.xib in Resources */ = {isa = PBXBuildFile; fileRef = CCC0A2471C53B01900D29C22 /* UMSCommentInputControlleriPad.xib */; };
		CCC0A2541C53B01900D29C22 /* UMShareEditViewController.xib in Resources */ = {isa = PBXBuildFile; fileRef = CCC0A2481C53B01900D29C22 /* UMShareEditViewController.xib */; };
		CCC0A2551C53B01900D29C22 /* UMShareEditViewControlleriPad.xib in Resources */ = {isa = PBXBuildFile; fileRef = CCC0A2491C53B01900D29C22 /* UMShareEditViewControlleriPad.xib */; };
		CCC0A2561C53B01900D29C22 /* UMSLoginViewController.xib in Resources */ = {isa = PBXBuildFile; fileRef = CCC0A24A1C53B01900D29C22 /* UMSLoginViewController.xib */; };
		CCC0A2571C53B01900D29C22 /* UMSnsAccountViewController.xib in Resources */ = {isa = PBXBuildFile; fileRef = CCC0A24B1C53B01900D29C22 /* UMSnsAccountViewController.xib */; };
		CCC0A2581C53B01900D29C22 /* UMSShareListController.xib in Resources */ = {isa = PBXBuildFile; fileRef = CCC0A24C1C53B01900D29C22 /* UMSShareListController.xib */; };
		CCC0A2591C53B01900D29C22 /* UMSocialSDKResourcesNew.bundle in Resources */ = {isa = PBXBuildFile; fileRef = CCC0A24D1C53B01900D29C22 /* UMSocialSDKResourcesNew.bundle */; };
		CCE222EF1C50AF25006B2444 /* FavoriteVC.m in Sources */ = {isa = PBXBuildFile; fileRef = CCE222EE1C50AF25006B2444 /* FavoriteVC.m */; };
		CCEEE9E11C4E3392005C9C93 /* main.m in Sources */ = {isa = PBXBuildFile; fileRef = CCEEE9E01C4E3392005C9C93 /* main.m */; };
		CCEEE9E41C4E3392005C9C93 /* AppDelegate.m in Sources */ = {isa = PBXBuildFile; fileRef = CCEEE9E31C4E3392005C9C93 /* AppDelegate.m */; };
		CCEEE9E71C4E3392005C9C93 /* ViewController.m in Sources */ = {isa = PBXBuildFile; fileRef = CCEEE9E61C4E3392005C9C93 /* ViewController.m */; };
		CCEEE9EA1C4E3392005C9C93 /* Main.storyboard in Resources */ = {isa = PBXBuildFile; fileRef = CCEEE9E81C4E3392005C9C93 /* Main.storyboard */; };
		CCEEE9EC1C4E3392005C9C93 /* Assets.xcassets in Resources */ = {isa = PBXBuildFile; fileRef = CCEEE9EB1C4E3392005C9C93 /* Assets.xcassets */; };
		CCEEE9EF1C4E3392005C9C93 /* LaunchScreen.storyboard in Resources */ = {isa = PBXBuildFile; fileRef = CCEEE9ED1C4E3392005C9C93 /* LaunchScreen.storyboard */; };
		CCEEE9FE1C4E3EA5005C9C93 /* xiangkuang.png in Resources */ = {isa = PBXBuildFile; fileRef = CCEEE9FD1C4E3EA5005C9C93 /* xiangkuang.png */; };
		CCEEEA151C4E685E005C9C93 /* AFHTTPRequestOperation.m in Sources */ = {isa = PBXBuildFile; fileRef = CCEEEA031C4E685E005C9C93 /* AFHTTPRequestOperation.m */; };
		CCEEEA161C4E685E005C9C93 /* AFHTTPRequestOperationManager.m in Sources */ = {isa = PBXBuildFile; fileRef = CCEEEA051C4E685E005C9C93 /* AFHTTPRequestOperationManager.m */; };
		CCEEEA171C4E685E005C9C93 /* AFHTTPSessionManager.m in Sources */ = {isa = PBXBuildFile; fileRef = CCEEEA071C4E685E005C9C93 /* AFHTTPSessionManager.m */; };
		CCEEEA181C4E685E005C9C93 /* AFNetworkReachabilityManager.m in Sources */ = {isa = PBXBuildFile; fileRef = CCEEEA0A1C4E685E005C9C93 /* AFNetworkReachabilityManager.m */; };
		CCEEEA191C4E685E005C9C93 /* AFSecurityPolicy.m in Sources */ = {isa = PBXBuildFile; fileRef = CCEEEA0C1C4E685E005C9C93 /* AFSecurityPolicy.m */; };
		CCEEEA1A1C4E685E005C9C93 /* AFURLConnectionOperation.m in Sources */ = {isa = PBXBuildFile; fileRef = CCEEEA0E1C4E685E005C9C93 /* AFURLConnectionOperation.m */; };
		CCEEEA1B1C4E685E005C9C93 /* AFURLRequestSerialization.m in Sources */ = {isa = PBXBuildFile; fileRef = CCEEEA101C4E685E005C9C93 /* AFURLRequestSerialization.m */; };
		CCEEEA1C1C4E685E005C9C93 /* AFURLResponseSerialization.m in Sources */ = {isa = PBXBuildFile; fileRef = CCEEEA121C4E685E005C9C93 /* AFURLResponseSerialization.m */; };
		CCEEEA1D1C4E685E005C9C93 /* AFURLSessionManager.m in Sources */ = {isa = PBXBuildFile; fileRef = CCEEEA141C4E685E005C9C93 /* AFURLSessionManager.m */; };
		CCEEEA211C4E741D005C9C93 /* ContentCell.m in Sources */ = {isa = PBXBuildFile; fileRef = CCEEEA1F1C4E741D005C9C93 /* ContentCell.m */; };
		CCEEEA221C4E741D005C9C93 /* ContentCell.xib in Resources */ = {isa = PBXBuildFile; fileRef = CCEEEA201C4E741D005C9C93 /* ContentCell.xib */; };
/* End PBXBuildFile section */

/* Begin PBXFileReference section */
		CC2212561C51F0CB00BC2219 /* DBEngine.h */ = {isa = PBXFileReference; fileEncoding = 4; lastKnownFileType = sourcecode.c.h; path = DBEngine.h; sourceTree = "<group>"; };
		CC2212571C51F0CB00BC2219 /* DBEngine.m */ = {isa = PBXFileReference; fileEncoding = 4; lastKnownFileType = sourcecode.c.objc; path = DBEngine.m; sourceTree = "<group>"; };
		CC22125A1C51FE8700BC2219 /* FMDatabase.h */ = {isa = PBXFileReference; fileEncoding = 4; lastKnownFileType = sourcecode.c.h; path = FMDatabase.h; sourceTree = "<group>"; };
		CC22125B1C51FE8700BC2219 /* FMDatabase.m */ = {isa = PBXFileReference; fileEncoding = 4; lastKnownFileType = sourcecode.c.objc; path = FMDatabase.m; sourceTree = "<group>"; };
		CC22125C1C51FE8700BC2219 /* FMDatabaseAdditions.h */ = {isa = PBXFileReference; fileEncoding = 4; lastKnownFileType = sourcecode.c.h; path = FMDatabaseAdditions.h; sourceTree = "<group>"; };
		CC22125D1C51FE8700BC2219 /* FMDatabaseAdditions.m */ = {isa = PBXFileReference; fileEncoding = 4; lastKnownFileType = sourcecode.c.objc; path = FMDatabaseAdditions.m; sourceTree = "<group>"; };
		CC22125E1C51FE8700BC2219 /* FMDatabasePool.h */ = {isa = PBXFileReference; fileEncoding = 4; lastKnownFileType = sourcecode.c.h; path = FMDatabasePool.h; sourceTree = "<group>"; };
		CC22125F1C51FE8700BC2219 /* FMDatabasePool.m */ = {isa = PBXFileReference; fileEncoding = 4; lastKnownFileType = sourcecode.c.objc; path = FMDatabasePool.m; sourceTree = "<group>"; };
		CC2212601C51FE8700BC2219 /* FMDatabaseQueue.h */ = {isa = PBXFileReference; fileEncoding = 4; lastKnownFileType = sourcecode.c.h; path = FMDatabaseQueue.h; sourceTree = "<group>"; };
		CC2212611C51FE8700BC2219 /* FMDatabaseQueue.m */ = {isa = PBXFileReference; fileEncoding = 4; lastKnownFileType = sourcecode.c.objc; path = FMDatabaseQueue.m; sourceTree = "<group>"; };
		CC2212621C51FE8700BC2219 /* FMDB.h */ = {isa = PBXFileReference; fileEncoding = 4; lastKnownFileType = sourcecode.c.h; path = FMDB.h; sourceTree = "<group>"; };
		CC2212631C51FE8700BC2219 /* FMResultSet.h */ = {isa = PBXFileReference; fileEncoding = 4; lastKnownFileType = sourcecode.c.h; path = FMResultSet.h; sourceTree = "<group>"; };
		CC2212641C51FE8700BC2219 /* FMResultSet.m */ = {isa = PBXFileReference; fileEncoding = 4; lastKnownFileType = sourcecode.c.objc; path = FMResultSet.m; sourceTree = "<group>"; };
		CC2212861C5246AC00BC2219 /* FavoriteCell.h */ = {isa = PBXFileReference; fileEncoding = 4; lastKnownFileType = sourcecode.c.h; path = FavoriteCell.h; sourceTree = "<group>"; };
		CC2212871C5246AC00BC2219 /* FavoriteCell.m */ = {isa = PBXFileReference; fileEncoding = 4; lastKnownFileType = sourcecode.c.objc; path = FavoriteCell.m; sourceTree = "<group>"; };
		CC2212891C52540600BC2219 /* Favorites.db */ = {isa = PBXFileReference; lastKnownFileType = file; path = Favorites.db; sourceTree = "<group>"; };
		CC2726D81C54F4E8003D0B3D /* GuideVC.h */ = {isa = PBXFileReference; fileEncoding = 4; lastKnownFileType = sourcecode.c.h; path = GuideVC.h; sourceTree = "<group>"; };
		CC2726D91C54F4E8003D0B3D /* GuideVC.m */ = {isa = PBXFileReference; fileEncoding = 4; lastKnownFileType = sourcecode.c.objc; path = GuideVC.m; sourceTree = "<group>"; };
		CC2726DB1C55123F003D0B3D /* Default-568h@2x.png */ = {isa = PBXFileReference; lastKnownFileType = image.png; path = "Default-568h@2x.png"; sourceTree = "<group>"; };
		CC7DDB691C55BF4000DF3583 /* SettingButton.h */ = {isa = PBXFileReference; fileEncoding = 4; lastKnownFileType = sourcecode.c.h; path = SettingButton.h; sourceTree = "<group>"; };
		CC7DDB6A1C55BF4000DF3583 /* SettingButton.m */ = {isa = PBXFileReference; fileEncoding = 4; lastKnownFileType = sourcecode.c.objc; path = SettingButton.m; sourceTree = "<group>"; };
		CC8C5EBD1C4F399E00372CFF /* ContentModel.h */ = {isa = PBXFileReference; fileEncoding = 4; lastKnownFileType = sourcecode.c.h; path = ContentModel.h; sourceTree = "<group>"; };
		CC8C5EBE1C4F399E00372CFF /* ContentModel.m */ = {isa = PBXFileReference; fileEncoding = 4; lastKnownFileType = sourcecode.c.objc; path = ContentModel.m; sourceTree = "<group>"; };
		CC8C5EC11C4F60DF00372CFF /* MKAnnotationView+WebCache.h */ = {isa = PBXFileReference; fileEncoding = 4; lastKnownFileType = sourcecode.c.h; path = "MKAnnotationView+WebCache.h"; sourceTree = "<group>"; };
		CC8C5EC21C4F60DF00372CFF /* MKAnnotationView+WebCache.m */ = {isa = PBXFileReference; fileEncoding = 4; lastKnownFileType = sourcecode.c.objc; path = "MKAnnotationView+WebCache.m"; sourceTree = "<group>"; };
		CC8C5EC31C4F60DF00372CFF /* NSData+ImageContentType.h */ = {isa = PBXFileReference; fileEncoding = 4; lastKnownFileType = sourcecode.c.h; path = "NSData+ImageContentType.h"; sourceTree = "<group>"; };
		CC8C5EC41C4F60DF00372CFF /* NSData+ImageContentType.m */ = {isa = PBXFileReference; fileEncoding = 4; lastKnownFileType = sourcecode.c.objc; path = "NSData+ImageContentType.m"; sourceTree = "<group>"; };
		CC8C5EC51C4F60DF00372CFF /* SDImageCache.h */ = {isa = PBXFileReference; fileEncoding = 4; lastKnownFileType = sourcecode.c.h; path = SDImageCache.h; sourceTree = "<group>"; };
		CC8C5EC61C4F60DF00372CFF /* SDImageCache.m */ = {isa = PBXFileReference; fileEncoding = 4; lastKnownFileType = sourcecode.c.objc; path = SDImageCache.m; sourceTree = "<group>"; };
		CC8C5EC71C4F60DF00372CFF /* SDWebImageCompat.h */ = {isa = PBXFileReference; fileEncoding = 4; lastKnownFileType = sourcecode.c.h; path = SDWebImageCompat.h; sourceTree = "<group>"; };
		CC8C5EC81C4F60DF00372CFF /* SDWebImageCompat.m */ = {isa = PBXFileReference; fileEncoding = 4; lastKnownFileType = sourcecode.c.objc; path = SDWebImageCompat.m; sourceTree = "<group>"; };
		CC8C5EC91C4F60DF00372CFF /* SDWebImageDecoder.h */ = {isa = PBXFileReference; fileEncoding = 4; lastKnownFileType = sourcecode.c.h; path = SDWebImageDecoder.h; sourceTree = "<group>"; };
		CC8C5ECA1C4F60DF00372CFF /* SDWebImageDecoder.m */ = {isa = PBXFileReference; fileEncoding = 4; lastKnownFileType = sourcecode.c.objc; path = SDWebImageDecoder.m; sourceTree = "<group>"; };
		CC8C5ECB1C4F60DF00372CFF /* SDWebImageDownloader.h */ = {isa = PBXFileReference; fileEncoding = 4; lastKnownFileType = sourcecode.c.h; path = SDWebImageDownloader.h; sourceTree = "<group>"; };
		CC8C5ECC1C4F60DF00372CFF /* SDWebImageDownloader.m */ = {isa = PBXFileReference; fileEncoding = 4; lastKnownFileType = sourcecode.c.objc; path = SDWebImageDownloader.m; sourceTree = "<group>"; };
		CC8C5ECD1C4F60DF00372CFF /* SDWebImageDownloaderOperation.h */ = {isa = PBXFileReference; fileEncoding = 4; lastKnownFileType = sourcecode.c.h; path = SDWebImageDownloaderOperation.h; sourceTree = "<group>"; };
		CC8C5ECE1C4F60DF00372CFF /* SDWebImageDownloaderOperation.m */ = {isa = PBXFileReference; fileEncoding = 4; lastKnownFileType = sourcecode.c.objc; path = SDWebImageDownloaderOperation.m; sourceTree = "<group>"; };
		CC8C5ECF1C4F60DF00372CFF /* SDWebImageManager.h */ = {isa = PBXFileReference; fileEncoding = 4; lastKnownFileType = sourcecode.c.h; path = SDWebImageManager.h; sourceTree = "<group>"; };
		CC8C5ED01C4F60DF00372CFF /* SDWebImageManager.m */ = {isa = PBXFileReference; fileEncoding = 4; lastKnownFileType = sourcecode.c.objc; path = SDWebImageManager.m; sourceTree = "<group>"; };
		CC8C5ED11C4F60DF00372CFF /* SDWebImageOperation.h */ = {isa = PBXFileReference; fileEncoding = 4; lastKnownFileType = sourcecode.c.h; path = SDWebImageOperation.h; sourceTree = "<group>"; };
		CC8C5ED21C4F60DF00372CFF /* SDWebImagePrefetcher.h */ = {isa = PBXFileReference; fileEncoding = 4; lastKnownFileType = sourcecode.c.h; path = SDWebImagePrefetcher.h; sourceTree = "<group>"; };
		CC8C5ED31C4F60DF00372CFF /* SDWebImagePrefetcher.m */ = {isa = PBXFileReference; fileEncoding = 4; lastKnownFileType = sourcecode.c.objc; path = SDWebImagePrefetcher.m; sourceTree = "<group>"; };
		CC8C5ED41C4F60DF00372CFF /* UIButton+WebCache.h */ = {isa = PBXFileReference; fileEncoding = 4; lastKnownFileType = sourcecode.c.h; path = "UIButton+WebCache.h"; sourceTree = "<group>"; };
		CC8C5ED51C4F60DF00372CFF /* UIButton+WebCache.m */ = {isa = PBXFileReference; fileEncoding = 4; lastKnownFileType = sourcecode.c.objc; path = "UIButton+WebCache.m"; sourceTree = "<group>"; };
		CC8C5ED61C4F60DF00372CFF /* UIImage+GIF.h */ = {isa = PBXFileReference; fileEncoding = 4; lastKnownFileType = sourcecode.c.h; path = "UIImage+GIF.h"; sourceTree = "<group>"; };
		CC8C5ED71C4F60DF00372CFF /* UIImage+GIF.m */ = {isa = PBXFileReference; fileEncoding = 4; lastKnownFileType = sourcecode.c.objc; path = "UIImage+GIF.m"; sourceTree = "<group>"; };
		CC8C5ED81C4F60DF00372CFF /* UIImage+MultiFormat.h */ = {isa = PBXFileReference; fileEncoding = 4; lastKnownFileType = sourcecode.c.h; path = "UIImage+MultiFormat.h"; sourceTree = "<group>"; };
		CC8C5ED91C4F60DF00372CFF /* UIImage+MultiFormat.m */ = {isa = PBXFileReference; fileEncoding = 4; lastKnownFileType = sourcecode.c.objc; path = "UIImage+MultiFormat.m"; sourceTree = "<group>"; };
		CC8C5EDA1C4F60DF00372CFF /* UIImage+WebP.h */ = {isa = PBXFileReference; fileEncoding = 4; lastKnownFileType = sourcecode.c.h; path = "UIImage+WebP.h"; sourceTree = "<group>"; };
		CC8C5EDB1C4F60DF00372CFF /* UIImage+WebP.m */ = {isa = PBXFileReference; fileEncoding = 4; lastKnownFileType = sourcecode.c.objc; path = "UIImage+WebP.m"; sourceTree = "<group>"; };
		CC8C5EDC1C4F60DF00372CFF /* UIImageView+HighlightedWebCache.h */ = {isa = PBXFileReference; fileEncoding = 4; lastKnownFileType = sourcecode.c.h; path = "UIImageView+HighlightedWebCache.h"; sourceTree = "<group>"; };
		CC8C5EDD1C4F60DF00372CFF /* UIImageView+HighlightedWebCache.m */ = {isa = PBXFileReference; fileEncoding = 4; lastKnownFileType = sourcecode.c.objc; path = "UIImageView+HighlightedWebCache.m"; sourceTree = "<group>"; };
		CC8C5EDE1C4F60DF00372CFF /* UIImageView+WebCache.h */ = {isa = PBXFileReference; fileEncoding = 4; lastKnownFileType = sourcecode.c.h; path = "UIImageView+WebCache.h"; sourceTree = "<group>"; };
		CC8C5EDF1C4F60DF00372CFF /* UIImageView+WebCache.m */ = {isa = PBXFileReference; fileEncoding = 4; lastKnownFileType = sourcecode.c.objc; path = "UIImageView+WebCache.m"; sourceTree = "<group>"; };
		CC8C5EE01C4F60DF00372CFF /* UIView+WebCacheOperation.h */ = {isa = PBXFileReference; fileEncoding = 4; lastKnownFileType = sourcecode.c.h; path = "UIView+WebCacheOperation.h"; sourceTree = "<group>"; };
		CC8C5EE11C4F60DF00372CFF /* UIView+WebCacheOperation.m */ = {isa = PBXFileReference; fileEncoding = 4; lastKnownFileType = sourcecode.c.objc; path = "UIView+WebCacheOperation.m"; sourceTree = "<group>"; };
		CC92CAEA1C4F6F5500FDE995 /* NSString+Size.h */ = {isa = PBXFileReference; fileEncoding = 4; lastKnownFileType = sourcecode.c.h; path = "NSString+Size.h"; sourceTree = "<group>"; };
		CC92CAEB1C4F6F5500FDE995 /* NSString+Size.m */ = {isa = PBXFileReference; fileEncoding = 4; lastKnownFileType = sourcecode.c.objc; path = "NSString+Size.m"; sourceTree = "<group>"; };
		CC92CB191C4FA51200FDE995 /* FXBlurView.h */ = {isa = PBXFileReference; fileEncoding = 4; lastKnownFileType = sourcecode.c.h; path = FXBlurView.h; sourceTree = "<group>"; };
		CC92CB1A1C4FA51200FDE995 /* FXBlurView.m */ = {isa = PBXFileReference; fileEncoding = 4; lastKnownFileType = sourcecode.c.objc; path = FXBlurView.m; sourceTree = "<group>"; };
		CC92CB2B1C4FC54C00FDE995 /* SettingVC.h */ = {isa = PBXFileReference; fileEncoding = 4; lastKnownFileType = sourcecode.c.h; path = SettingVC.h; sourceTree = "<group>"; };
		CC92CB2C1C4FC54C00FDE995 /* SettingVC.m */ = {isa = PBXFileReference; fileEncoding = 4; lastKnownFileType = sourcecode.c.objc; path = SettingVC.m; sourceTree = "<group>"; };
		CCC0A1F51C53198C00D29C22 /* libsqlite3.0.tbd */ = {isa = PBXFileReference; lastKnownFileType = "sourcecode.text-based-dylib-definition"; name = libsqlite3.0.tbd; path = usr/lib/libsqlite3.0.tbd; sourceTree = SDKROOT; };
		CCC0A2361C53B01900D29C22 /* en */ = {isa = PBXFileReference; lastKnownFileType = text.plist.strings; name = en; path = en.lproj/UMSocialLocalizable.strings; sourceTree = "<group>"; };
		CCC0A2381C53B01900D29C22 /* UMSocial.h */ = {isa = PBXFileReference; fileEncoding = 4; lastKnownFileType = sourcecode.c.h; path = UMSocial.h; sourceTree = "<group>"; };
		CCC0A2391C53B01900D29C22 /* UMSocialAccountManager.h */ = {isa = PBXFileReference; fileEncoding = 4; lastKnownFileType = sourcecode.c.h; path = UMSocialAccountManager.h; sourceTree = "<group>"; };
		CCC0A23A1C53B01900D29C22 /* UMSocialBar.h */ = {isa = PBXFileReference; fileEncoding = 4; lastKnownFileType = sourcecode.c.h; path = UMSocialBar.h; sourceTree = "<group>"; };
		CCC0A23B1C53B01900D29C22 /* UMSocialConfig.h */ = {isa = PBXFileReference; fileEncoding = 4; lastKnownFileType = sourcecode.c.h; path = UMSocialConfig.h; sourceTree = "<group>"; };
		CCC0A23C1C53B01900D29C22 /* UMSocialControllerService.h */ = {isa = PBXFileReference; fileEncoding = 4; lastKnownFileType = sourcecode.c.h; path = UMSocialControllerService.h; sourceTree = "<group>"; };
		CCC0A23D1C53B01900D29C22 /* UMSocialControllerServiceComment.h */ = {isa = PBXFileReference; fileEncoding = 4; lastKnownFileType = sourcecode.c.h; path = UMSocialControllerServiceComment.h; sourceTree = "<group>"; };
		CCC0A23E1C53B01900D29C22 /* UMSocialData.h */ = {isa = PBXFileReference; fileEncoding = 4; lastKnownFileType = sourcecode.c.h; path = UMSocialData.h; sourceTree = "<group>"; };
		CCC0A23F1C53B01900D29C22 /* UMSocialDataService.h */ = {isa = PBXFileReference; fileEncoding = 4; lastKnownFileType = sourcecode.c.h; path = UMSocialDataService.h; sourceTree = "<group>"; };
		CCC0A2401C53B01900D29C22 /* UMSocialSnsData.h */ = {isa = PBXFileReference; fileEncoding = 4; lastKnownFileType = sourcecode.c.h; path = UMSocialSnsData.h; sourceTree = "<group>"; };
		CCC0A2411C53B01900D29C22 /* UMSocialSnsPlatformManager.h */ = {isa = PBXFileReference; fileEncoding = 4; lastKnownFileType = sourcecode.c.h; path = UMSocialSnsPlatformManager.h; sourceTree = "<group>"; };
		CCC0A2421C53B01900D29C22 /* UMSocialSnsService.h */ = {isa = PBXFileReference; fileEncoding = 4; lastKnownFileType = sourcecode.c.h; path = UMSocialSnsService.h; sourceTree = "<group>"; };
		CCC0A2431C53B01900D29C22 /* libUMSocial_Sdk_4.4.a */ = {isa = PBXFileReference; lastKnownFileType = archive.ar; path = libUMSocial_Sdk_4.4.a; sourceTree = "<group>"; };
		CCC0A2451C53B01900D29C22 /* UMSCommentDetailController.xib */ = {isa = PBXFileReference; fileEncoding = 4; lastKnownFileType = file.xib; path = UMSCommentDetailController.xib; sourceTree = "<group>"; };
		CCC0A2461C53B01900D29C22 /* UMSCommentInputController.xib */ = {isa = PBXFileReference; fileEncoding = 4; lastKnownFileType = file.xib; path = UMSCommentInputController.xib; sourceTree = "<group>"; };
		CCC0A2471C53B01900D29C22 /* UMSCommentInputControlleriPad.xib */ = {isa = PBXFileReference; fileEncoding = 4; lastKnownFileType = file.xib; path = UMSCommentInputControlleriPad.xib; sourceTree = "<group>"; };
		CCC0A2481C53B01900D29C22 /* UMShareEditViewController.xib */ = {isa = PBXFileReference; fileEncoding = 4; lastKnownFileType = file.xib; path = UMShareEditViewController.xib; sourceTree = "<group>"; };
		CCC0A2491C53B01900D29C22 /* UMShareEditViewControlleriPad.xib */ = {isa = PBXFileReference; fileEncoding = 4; lastKnownFileType = file.xib; path = UMShareEditViewControlleriPad.xib; sourceTree = "<group>"; };
		CCC0A24A1C53B01900D29C22 /* UMSLoginViewController.xib */ = {isa = PBXFileReference; fileEncoding = 4; lastKnownFileType = file.xib; path = UMSLoginViewController.xib; sourceTree = "<group>"; };
		CCC0A24B1C53B01900D29C22 /* UMSnsAccountViewController.xib */ = {isa = PBXFileReference; fileEncoding = 4; lastKnownFileType = file.xib; path = UMSnsAccountViewController.xib; sourceTree = "<group>"; };
		CCC0A24C1C53B01900D29C22 /* UMSShareListController.xib */ = {isa = PBXFileReference; fileEncoding = 4; lastKnownFileType = file.xib; path = UMSShareListController.xib; sourceTree = "<group>"; };
		CCC0A24D1C53B01900D29C22 /* UMSocialSDKResourcesNew.bundle */ = {isa = PBXFileReference; lastKnownFileType = "wrapper.plug-in"; path = UMSocialSDKResourcesNew.bundle; sourceTree = "<group>"; };
		CCC0A24E1C53B01900D29C22 /* zh-Hans */ = {isa = PBXFileReference; lastKnownFileType = text.plist.strings; name = "zh-Hans"; path = "zh-Hans.lproj/UMSocialLocalizable.strings"; sourceTree = "<group>"; };
		CCE222ED1C50AF25006B2444 /* FavoriteVC.h */ = {isa = PBXFileReference; fileEncoding = 4; lastKnownFileType = sourcecode.c.h; path = FavoriteVC.h; sourceTree = "<group>"; };
		CCE222EE1C50AF25006B2444 /* FavoriteVC.m */ = {isa = PBXFileReference; fileEncoding = 4; lastKnownFileType = sourcecode.c.objc; path = FavoriteVC.m; sourceTree = "<group>"; };
		CCEEE9DC1C4E3392005C9C93 /* MoodNote.app */ = {isa = PBXFileReference; explicitFileType = wrapper.application; includeInIndex = 0; path = MoodNote.app; sourceTree = BUILT_PRODUCTS_DIR; };
		CCEEE9E01C4E3392005C9C93 /* main.m */ = {isa = PBXFileReference; lastKnownFileType = sourcecode.c.objc; path = main.m; sourceTree = "<group>"; };
		CCEEE9E21C4E3392005C9C93 /* AppDelegate.h */ = {isa = PBXFileReference; lastKnownFileType = sourcecode.c.h; path = AppDelegate.h; sourceTree = "<group>"; };
		CCEEE9E31C4E3392005C9C93 /* AppDelegate.m */ = {isa = PBXFileReference; lastKnownFileType = sourcecode.c.objc; path = AppDelegate.m; sourceTree = "<group>"; };
		CCEEE9E51C4E3392005C9C93 /* ViewController.h */ = {isa = PBXFileReference; lastKnownFileType = sourcecode.c.h; path = ViewController.h; sourceTree = "<group>"; };
		CCEEE9E61C4E3392005C9C93 /* ViewController.m */ = {isa = PBXFileReference; lastKnownFileType = sourcecode.c.objc; path = ViewController.m; sourceTree = "<group>"; };
		CCEEE9E91C4E3392005C9C93 /* Base */ = {isa = PBXFileReference; lastKnownFileType = file.storyboard; name = Base; path = Base.lproj/Main.storyboard; sourceTree = "<group>"; };
		CCEEE9EB1C4E3392005C9C93 /* Assets.xcassets */ = {isa = PBXFileReference; lastKnownFileType = folder.assetcatalog; path = Assets.xcassets; sourceTree = "<group>"; };
		CCEEE9EE1C4E3392005C9C93 /* Base */ = {isa = PBXFileReference; lastKnownFileType = file.storyboard; name = Base; path = Base.lproj/LaunchScreen.storyboard; sourceTree = "<group>"; };
		CCEEE9F01C4E3392005C9C93 /* Info.plist */ = {isa = PBXFileReference; lastKnownFileType = text.plist.xml; path = Info.plist; sourceTree = "<group>"; };
		CCEEE9FD1C4E3EA5005C9C93 /* xiangkuang.png */ = {isa = PBXFileReference; lastKnownFileType = image.png; path = xiangkuang.png; sourceTree = "<group>"; };
		CCEEE9FF1C4E4D39005C9C93 /* Common.h */ = {isa = PBXFileReference; lastKnownFileType = sourcecode.c.h; path = Common.h; sourceTree = "<group>"; };
		CCEEEA021C4E685E005C9C93 /* AFHTTPRequestOperation.h */ = {isa = PBXFileReference; fileEncoding = 4; lastKnownFileType = sourcecode.c.h; path = AFHTTPRequestOperation.h; sourceTree = "<group>"; };
		CCEEEA031C4E685E005C9C93 /* AFHTTPRequestOperation.m */ = {isa = PBXFileReference; fileEncoding = 4; lastKnownFileType = sourcecode.c.objc; path = AFHTTPRequestOperation.m; sourceTree = "<group>"; };
		CCEEEA041C4E685E005C9C93 /* AFHTTPRequestOperationManager.h */ = {isa = PBXFileReference; fileEncoding = 4; lastKnownFileType = sourcecode.c.h; path = AFHTTPRequestOperationManager.h; sourceTree = "<group>"; };
		CCEEEA051C4E685E005C9C93 /* AFHTTPRequestOperationManager.m */ = {isa = PBXFileReference; fileEncoding = 4; lastKnownFileType = sourcecode.c.objc; path = AFHTTPRequestOperationManager.m; sourceTree = "<group>"; };
		CCEEEA061C4E685E005C9C93 /* AFHTTPSessionManager.h */ = {isa = PBXFileReference; fileEncoding = 4; lastKnownFileType = sourcecode.c.h; path = AFHTTPSessionManager.h; sourceTree = "<group>"; };
		CCEEEA071C4E685E005C9C93 /* AFHTTPSessionManager.m */ = {isa = PBXFileReference; fileEncoding = 4; lastKnownFileType = sourcecode.c.objc; path = AFHTTPSessionManager.m; sourceTree = "<group>"; };
		CCEEEA081C4E685E005C9C93 /* AFNetworking.h */ = {isa = PBXFileReference; fileEncoding = 4; lastKnownFileType = sourcecode.c.h; path = AFNetworking.h; sourceTree = "<group>"; };
		CCEEEA091C4E685E005C9C93 /* AFNetworkReachabilityManager.h */ = {isa = PBXFileReference; fileEncoding = 4; lastKnownFileType = sourcecode.c.h; path = AFNetworkReachabilityManager.h; sourceTree = "<group>"; };
		CCEEEA0A1C4E685E005C9C93 /* AFNetworkReachabilityManager.m */ = {isa = PBXFileReference; fileEncoding = 4; lastKnownFileType = sourcecode.c.objc; path = AFNetworkReachabilityManager.m; sourceTree = "<group>"; };
		CCEEEA0B1C4E685E005C9C93 /* AFSecurityPolicy.h */ = {isa = PBXFileReference; fileEncoding = 4; lastKnownFileType = sourcecode.c.h; path = AFSecurityPolicy.h; sourceTree = "<group>"; };
		CCEEEA0C1C4E685E005C9C93 /* AFSecurityPolicy.m */ = {isa = PBXFileReference; fileEncoding = 4; lastKnownFileType = sourcecode.c.objc; path = AFSecurityPolicy.m; sourceTree = "<group>"; };
		CCEEEA0D1C4E685E005C9C93 /* AFURLConnectionOperation.h */ = {isa = PBXFileReference; fileEncoding = 4; lastKnownFileType = sourcecode.c.h; path = AFURLConnectionOperation.h; sourceTree = "<group>"; };
		CCEEEA0E1C4E685E005C9C93 /* AFURLConnectionOperation.m */ = {isa = PBXFileReference; fileEncoding = 4; lastKnownFileType = sourcecode.c.objc; path = AFURLConnectionOperation.m; sourceTree = "<group>"; };
		CCEEEA0F1C4E685E005C9C93 /* AFURLRequestSerialization.h */ = {isa = PBXFileReference; fileEncoding = 4; lastKnownFileType = sourcecode.c.h; path = AFURLRequestSerialization.h; sourceTree = "<group>"; };
		CCEEEA101C4E685E005C9C93 /* AFURLRequestSerialization.m */ = {isa = PBXFileReference; fileEncoding = 4; lastKnownFileType = sourcecode.c.objc; path = AFURLRequestSerialization.m; sourceTree = "<group>"; };
		CCEEEA111C4E685E005C9C93 /* AFURLResponseSerialization.h */ = {isa = PBXFileReference; fileEncoding = 4; lastKnownFileType = sourcecode.c.h; path = AFURLResponseSerialization.h; sourceTree = "<group>"; };
		CCEEEA121C4E685E005C9C93 /* AFURLResponseSerialization.m */ = {isa = PBXFileReference; fileEncoding = 4; lastKnownFileType = sourcecode.c.objc; path = AFURLResponseSerialization.m; sourceTree = "<group>"; };
		CCEEEA131C4E685E005C9C93 /* AFURLSessionManager.h */ = {isa = PBXFileReference; fileEncoding = 4; lastKnownFileType = sourcecode.c.h; path = AFURLSessionManager.h; sourceTree = "<group>"; };
		CCEEEA141C4E685E005C9C93 /* AFURLSessionManager.m */ = {isa = PBXFileReference; fileEncoding = 4; lastKnownFileType = sourcecode.c.objc; path = AFURLSessionManager.m; sourceTree = "<group>"; };
		CCEEEA1E1C4E741D005C9C93 /* ContentCell.h */ = {isa = PBXFileReference; fileEncoding = 4; lastKnownFileType = sourcecode.c.h; path = ContentCell.h; sourceTree = "<group>"; };
		CCEEEA1F1C4E741D005C9C93 /* ContentCell.m */ = {isa = PBXFileReference; fileEncoding = 4; lastKnownFileType = sourcecode.c.objc; path = ContentCell.m; sourceTree = "<group>"; };
		CCEEEA201C4E741D005C9C93 /* ContentCell.xib */ = {isa = PBXFileReference; fileEncoding = 4; lastKnownFileType = file.xib; path = ContentCell.xib; sourceTree = "<group>"; };
/* End PBXFileReference section */

/* Begin PBXFrameworksBuildPhase section */
		CCEEE9D91C4E3392005C9C93 /* Frameworks */ = {
			isa = PBXFrameworksBuildPhase;
			buildActionMask = 2147483647;
			files = (
				CCC0A2501C53B01900D29C22 /* libUMSocial_Sdk_4.4.a in Frameworks */,
				CCC0A1F61C53198C00D29C22 /* libsqlite3.0.tbd in Frameworks */,
			);
			runOnlyForDeploymentPostprocessing = 0;
		};
/* End PBXFrameworksBuildPhase section */

/* Begin PBXGroup section */
		CC2212591C51FE8700BC2219 /* fmdb */ = {
			isa = PBXGroup;
			children = (
				CC22125A1C51FE8700BC2219 /* FMDatabase.h */,
				CC22125B1C51FE8700BC2219 /* FMDatabase.m */,
				CC22125C1C51FE8700BC2219 /* FMDatabaseAdditions.h */,
				CC22125D1C51FE8700BC2219 /* FMDatabaseAdditions.m */,
				CC22125E1C51FE8700BC2219 /* FMDatabasePool.h */,
				CC22125F1C51FE8700BC2219 /* FMDatabasePool.m */,
				CC2212601C51FE8700BC2219 /* FMDatabaseQueue.h */,
				CC2212611C51FE8700BC2219 /* FMDatabaseQueue.m */,
				CC2212621C51FE8700BC2219 /* FMDB.h */,
				CC2212631C51FE8700BC2219 /* FMResultSet.h */,
				CC2212641C51FE8700BC2219 /* FMResultSet.m */,
			);
			path = fmdb;
			sourceTree = "<group>";
		};
		CC8C5EC01C4F60DF00372CFF /* SDWebImage */ = {
			isa = PBXGroup;
			children = (
				CC8C5EC11C4F60DF00372CFF /* MKAnnotationView+WebCache.h */,
				CC8C5EC21C4F60DF00372CFF /* MKAnnotationView+WebCache.m */,
				CC8C5EC31C4F60DF00372CFF /* NSData+ImageContentType.h */,
				CC8C5EC41C4F60DF00372CFF /* NSData+ImageContentType.m */,
				CC8C5EC51C4F60DF00372CFF /* SDImageCache.h */,
				CC8C5EC61C4F60DF00372CFF /* SDImageCache.m */,
				CC8C5EC71C4F60DF00372CFF /* SDWebImageCompat.h */,
				CC8C5EC81C4F60DF00372CFF /* SDWebImageCompat.m */,
				CC8C5EC91C4F60DF00372CFF /* SDWebImageDecoder.h */,
				CC8C5ECA1C4F60DF00372CFF /* SDWebImageDecoder.m */,
				CC8C5ECB1C4F60DF00372CFF /* SDWebImageDownloader.h */,
				CC8C5ECC1C4F60DF00372CFF /* SDWebImageDownloader.m */,
				CC8C5ECD1C4F60DF00372CFF /* SDWebImageDownloaderOperation.h */,
				CC8C5ECE1C4F60DF00372CFF /* SDWebImageDownloaderOperation.m */,
				CC8C5ECF1C4F60DF00372CFF /* SDWebImageManager.h */,
				CC8C5ED01C4F60DF00372CFF /* SDWebImageManager.m */,
				CC8C5ED11C4F60DF00372CFF /* SDWebImageOperation.h */,
				CC8C5ED21C4F60DF00372CFF /* SDWebImagePrefetcher.h */,
				CC8C5ED31C4F60DF00372CFF /* SDWebImagePrefetcher.m */,
				CC8C5ED41C4F60DF00372CFF /* UIButton+WebCache.h */,
				CC8C5ED51C4F60DF00372CFF /* UIButton+WebCache.m */,
				CC8C5ED61C4F60DF00372CFF /* UIImage+GIF.h */,
				CC8C5ED71C4F60DF00372CFF /* UIImage+GIF.m */,
				CC8C5ED81C4F60DF00372CFF /* UIImage+MultiFormat.h */,
				CC8C5ED91C4F60DF00372CFF /* UIImage+MultiFormat.m */,
				CC8C5EDA1C4F60DF00372CFF /* UIImage+WebP.h */,
				CC8C5EDB1C4F60DF00372CFF /* UIImage+WebP.m */,
				CC8C5EDC1C4F60DF00372CFF /* UIImageView+HighlightedWebCache.h */,
				CC8C5EDD1C4F60DF00372CFF /* UIImageView+HighlightedWebCache.m */,
				CC8C5EDE1C4F60DF00372CFF /* UIImageView+WebCache.h */,
				CC8C5EDF1C4F60DF00372CFF /* UIImageView+WebCache.m */,
				CC8C5EE01C4F60DF00372CFF /* UIView+WebCacheOperation.h */,
				CC8C5EE11C4F60DF00372CFF /* UIView+WebCacheOperation.m */,
			);
			path = SDWebImage;
			sourceTree = "<group>";
		};
		CC92CB181C4FA51200FDE995 /* FXBlurView */ = {
			isa = PBXGroup;
			children = (
				CC92CB191C4FA51200FDE995 /* FXBlurView.h */,
				CC92CB1A1C4FA51200FDE995 /* FXBlurView.m */,
			);
			path = FXBlurView;
			sourceTree = "<group>";
		};
		CCC0A2341C53B01900D29C22 /* UMSocial_Sdk_4.4 */ = {
			isa = PBXGroup;
			children = (
				CCC0A2351C53B01900D29C22 /* UMSocialLocalizable.strings */,
				CCC0A2371C53B01900D29C22 /* Header */,
				CCC0A2431C53B01900D29C22 /* libUMSocial_Sdk_4.4.a */,
				CCC0A2441C53B01900D29C22 /* SocialSDKXib */,
				CCC0A24D1C53B01900D29C22 /* UMSocialSDKResourcesNew.bundle */,
			);
			path = UMSocial_Sdk_4.4;
			sourceTree = "<group>";
		};
		CCC0A2371C53B01900D29C22 /* Header */ = {
			isa = PBXGroup;
			children = (
				CCC0A2381C53B01900D29C22 /* UMSocial.h */,
				CCC0A2391C53B01900D29C22 /* UMSocialAccountManager.h */,
				CCC0A23A1C53B01900D29C22 /* UMSocialBar.h */,
				CCC0A23B1C53B01900D29C22 /* UMSocialConfig.h */,
				CCC0A23C1C53B01900D29C22 /* UMSocialControllerService.h */,
				CCC0A23D1C53B01900D29C22 /* UMSocialControllerServiceComment.h */,
				CCC0A23E1C53B01900D29C22 /* UMSocialData.h */,
				CCC0A23F1C53B01900D29C22 /* UMSocialDataService.h */,
				CCC0A2401C53B01900D29C22 /* UMSocialSnsData.h */,
				CCC0A2411C53B01900D29C22 /* UMSocialSnsPlatformManager.h */,
				CCC0A2421C53B01900D29C22 /* UMSocialSnsService.h */,
			);
			path = Header;
			sourceTree = "<group>";
		};
		CCC0A2441C53B01900D29C22 /* SocialSDKXib */ = {
			isa = PBXGroup;
			children = (
				CCC0A2451C53B01900D29C22 /* UMSCommentDetailController.xib */,
				CCC0A2461C53B01900D29C22 /* UMSCommentInputController.xib */,
				CCC0A2471C53B01900D29C22 /* UMSCommentInputControlleriPad.xib */,
				CCC0A2481C53B01900D29C22 /* UMShareEditViewController.xib */,
				CCC0A2491C53B01900D29C22 /* UMShareEditViewControlleriPad.xib */,
				CCC0A24A1C53B01900D29C22 /* UMSLoginViewController.xib */,
				CCC0A24B1C53B01900D29C22 /* UMSnsAccountViewController.xib */,
				CCC0A24C1C53B01900D29C22 /* UMSShareListController.xib */,
			);
			path = SocialSDKXib;
			sourceTree = "<group>";
		};
		CCEEE9D31C4E3392005C9C93 = {
			isa = PBXGroup;
			children = (
				CCEEE9DE1C4E3392005C9C93 /* MoodNote */,
				CCEEE9DD1C4E3392005C9C93 /* Products */,
			);
			sourceTree = "<group>";
		};
		CCEEE9DD1C4E3392005C9C93 /* Products */ = {
			isa = PBXGroup;
			children = (
				CCEEE9DC1C4E3392005C9C93 /* MoodNote.app */,
			);
			name = Products;
			sourceTree = "<group>";
		};
		CCEEE9DE1C4E3392005C9C93 /* MoodNote */ = {
			isa = PBXGroup;
			children = (
				CCEEEA001C4E6830005C9C93 /* OpenSources */,
				CCEEE9FA1C4E3444005C9C93 /* Others */,
				CCEEE9F91C4E343D005C9C93 /* Tools */,
				CCEEE9F81C4E33EA005C9C93 /* Models */,
				CCEEE9F71C4E33E4005C9C93 /* Views */,
				CCEEE9F61C4E33D7005C9C93 /* Controllers */,
				CCEEE9DF1C4E3392005C9C93 /* Supporting Files */,
			);
			path = MoodNote;
			sourceTree = "<group>";
		};
		CCEEE9DF1C4E3392005C9C93 /* Supporting Files */ = {
			isa = PBXGroup;
			children = (
				CC2726DB1C55123F003D0B3D /* Default-568h@2x.png */,
				CCC0A1F51C53198C00D29C22 /* libsqlite3.0.tbd */,
				CCEEE9FD1C4E3EA5005C9C93 /* xiangkuang.png */,
				CCEEE9ED1C4E3392005C9C93 /* LaunchScreen.storyboard */,
				CCEEE9EB1C4E3392005C9C93 /* Assets.xcassets */,
				CCEEE9F01C4E3392005C9C93 /* Info.plist */,
				CCEEE9E01C4E3392005C9C93 /* main.m */,
			);
			name = "Supporting Files";
			sourceTree = "<group>";
		};
		CCEEE9F61C4E33D7005C9C93 /* Controllers */ = {
			isa = PBXGroup;
			children = (
				CCEEE9E51C4E3392005C9C93 /* ViewController.h */,
				CCEEE9E61C4E3392005C9C93 /* ViewController.m */,
				CC92CB2B1C4FC54C00FDE995 /* SettingVC.h */,
				CC92CB2C1C4FC54C00FDE995 /* SettingVC.m */,
				CCE222ED1C50AF25006B2444 /* FavoriteVC.h */,
				CCE222EE1C50AF25006B2444 /* FavoriteVC.m */,
				CC2726D81C54F4E8003D0B3D /* GuideVC.h */,
				CC2726D91C54F4E8003D0B3D /* GuideVC.m */,
			);
			name = Controllers;
			sourceTree = "<group>";
		};
		CCEEE9F71C4E33E4005C9C93 /* Views */ = {
			isa = PBXGroup;
			children = (
				CCEEE9E81C4E3392005C9C93 /* Main.storyboard */,
				CCEEEA1E1C4E741D005C9C93 /* ContentCell.h */,
				CCEEEA1F1C4E741D005C9C93 /* ContentCell.m */,
				CCEEEA201C4E741D005C9C93 /* ContentCell.xib */,
				CC2212861C5246AC00BC2219 /* FavoriteCell.h */,
				CC2212871C5246AC00BC2219 /* FavoriteCell.m */,
				CC7DDB691C55BF4000DF3583 /* SettingButton.h */,
				CC7DDB6A1C55BF4000DF3583 /* SettingButton.m */,
			);
			name = Views;
			sourceTree = "<group>";
		};
		CCEEE9F81C4E33EA005C9C93 /* Models */ = {
			isa = PBXGroup;
			children = (
				CC8C5EBD1C4F399E00372CFF /* ContentModel.h */,
				CC8C5EBE1C4F399E00372CFF /* ContentModel.m */,
			);
			name = Models;
			sourceTree = "<group>";
		};
		CCEEE9F91C4E343D005C9C93 /* Tools */ = {
			isa = PBXGroup;
			children = (
				CC2212891C52540600BC2219 /* Favorites.db */,
				CC2212561C51F0CB00BC2219 /* DBEngine.h */,
				CC2212571C51F0CB00BC2219 /* DBEngine.m */,
			);
			name = Tools;
			sourceTree = "<group>";
		};
		CCEEE9FA1C4E3444005C9C93 /* Others */ = {
			isa = PBXGroup;
			children = (
				CC92CAEA1C4F6F5500FDE995 /* NSString+Size.h */,
				CC92CAEB1C4F6F5500FDE995 /* NSString+Size.m */,
				CCEEE9E21C4E3392005C9C93 /* AppDelegate.h */,
				CCEEE9E31C4E3392005C9C93 /* AppDelegate.m */,
				CCEEE9FF1C4E4D39005C9C93 /* Common.h */,
			);
			name = Others;
			sourceTree = "<group>";
		};
		CCEEEA001C4E6830005C9C93 /* OpenSources */ = {
			isa = PBXGroup;
			children = (
				CCC0A2341C53B01900D29C22 /* UMSocial_Sdk_4.4 */,
				CC2212591C51FE8700BC2219 /* fmdb */,
				CC92CB181C4FA51200FDE995 /* FXBlurView */,
				CC8C5EC01C4F60DF00372CFF /* SDWebImage */,
				CCEEEA011C4E685E005C9C93 /* AFNetworking */,
			);
			name = OpenSources;
			sourceTree = "<group>";
		};
		CCEEEA011C4E685E005C9C93 /* AFNetworking */ = {
			isa = PBXGroup;
			children = (
				CCEEEA021C4E685E005C9C93 /* AFHTTPRequestOperation.h */,
				CCEEEA031C4E685E005C9C93 /* AFHTTPRequestOperation.m */,
				CCEEEA041C4E685E005C9C93 /* AFHTTPRequestOperationManager.h */,
				CCEEEA051C4E685E005C9C93 /* AFHTTPRequestOperationManager.m */,
				CCEEEA061C4E685E005C9C93 /* AFHTTPSessionManager.h */,
				CCEEEA071C4E685E005C9C93 /* AFHTTPSessionManager.m */,
				CCEEEA081C4E685E005C9C93 /* AFNetworking.h */,
				CCEEEA091C4E685E005C9C93 /* AFNetworkReachabilityManager.h */,
				CCEEEA0A1C4E685E005C9C93 /* AFNetworkReachabilityManager.m */,
				CCEEEA0B1C4E685E005C9C93 /* AFSecurityPolicy.h */,
				CCEEEA0C1C4E685E005C9C93 /* AFSecurityPolicy.m */,
				CCEEEA0D1C4E685E005C9C93 /* AFURLConnectionOperation.h */,
				CCEEEA0E1C4E685E005C9C93 /* AFURLConnectionOperation.m */,
				CCEEEA0F1C4E685E005C9C93 /* AFURLRequestSerialization.h */,
				CCEEEA101C4E685E005C9C93 /* AFURLRequestSerialization.m */,
				CCEEEA111C4E685E005C9C93 /* AFURLResponseSerialization.h */,
				CCEEEA121C4E685E005C9C93 /* AFURLResponseSerialization.m */,
				CCEEEA131C4E685E005C9C93 /* AFURLSessionManager.h */,
				CCEEEA141C4E685E005C9C93 /* AFURLSessionManager.m */,
			);
			path = AFNetworking;
			sourceTree = "<group>";
		};
/* End PBXGroup section */

/* Begin PBXNativeTarget section */
		CCEEE9DB1C4E3392005C9C93 /* MoodNote */ = {
			isa = PBXNativeTarget;
			buildConfigurationList = CCEEE9F31C4E3392005C9C93 /* Build configuration list for PBXNativeTarget "MoodNote" */;
			buildPhases = (
				CCEEE9D81C4E3392005C9C93 /* Sources */,
				CCEEE9D91C4E3392005C9C93 /* Frameworks */,
				CCEEE9DA1C4E3392005C9C93 /* Resources */,
			);
			buildRules = (
			);
			dependencies = (
			);
			name = MoodNote;
			productName = MoodNote;
			productReference = CCEEE9DC1C4E3392005C9C93 /* MoodNote.app */;
			productType = "com.apple.product-type.application";
		};
/* End PBXNativeTarget section */

/* Begin PBXProject section */
		CCEEE9D41C4E3392005C9C93 /* Project object */ = {
			isa = PBXProject;
			attributes = {
				LastUpgradeCheck = 0710;
				ORGANIZATIONNAME = qingyun;
				TargetAttributes = {
					CCEEE9DB1C4E3392005C9C93 = {
						CreatedOnToolsVersion = 7.1;
						DevelopmentTeam = 3MNL697K64;
					};
				};
			};
			buildConfigurationList = CCEEE9D71C4E3392005C9C93 /* Build configuration list for PBXProject "MoodNote" */;
			compatibilityVersion = "Xcode 3.2";
			developmentRegion = English;
			hasScannedForEncodings = 0;
			knownRegions = (
				en,
				Base,
				"zh-Hans",
			);
			mainGroup = CCEEE9D31C4E3392005C9C93;
			productRefGroup = CCEEE9DD1C4E3392005C9C93 /* Products */;
			projectDirPath = "";
			projectRoot = "";
			targets = (
				CCEEE9DB1C4E3392005C9C93 /* MoodNote */,
			);
		};
/* End PBXProject section */

/* Begin PBXResourcesBuildPhase section */
		CCEEE9DA1C4E3392005C9C93 /* Resources */ = {
			isa = PBXResourcesBuildPhase;
			buildActionMask = 2147483647;
			files = (
				CCC0A2511C53B01900D29C22 /* UMSCommentDetailController.xib in Resources */,
				CCEEE9EF1C4E3392005C9C93 /* LaunchScreen.storyboard in Resources */,
				CCEEEA221C4E741D005C9C93 /* ContentCell.xib in Resources */,
				CCC0A2581C53B01900D29C22 /* UMSShareListController.xib in Resources */,
				CCC0A24F1C53B01900D29C22 /* UMSocialLocalizable.strings in Resources */,
				CCC0A2551C53B01900D29C22 /* UMShareEditViewControlleriPad.xib in Resources */,
				CCEEE9EC1C4E3392005C9C93 /* Assets.xcassets in Resources */,
				CC22128A1C52540600BC2219 /* Favorites.db in Resources */,
				CC2726DC1C55123F003D0B3D /* Default-568h@2x.png in Resources */,
				CCEEE9FE1C4E3EA5005C9C93 /* xiangkuang.png in Resources */,
				CCC0A2541C53B01900D29C22 /* UMShareEditViewController.xib in Resources */,
				CCC0A2571C53B01900D29C22 /* UMSnsAccountViewController.xib in Resources */,
				CCC0A2521C53B01900D29C22 /* UMSCommentInputController.xib in Resources */,
				CCEEE9EA1C4E3392005C9C93 /* Main.storyboard in Resources */,
				CCC0A2561C53B01900D29C22 /* UMSLoginViewController.xib in Resources */,
				CCC0A2591C53B01900D29C22 /* UMSocialSDKResourcesNew.bundle in Resources */,
				CCC0A2531C53B01900D29C22 /* UMSCommentInputControlleriPad.xib in Resources */,
			);
			runOnlyForDeploymentPostprocessing = 0;
		};
/* End PBXResourcesBuildPhase section */

/* Begin PBXSourcesBuildPhase section */
		CCEEE9D81C4E3392005C9C93 /* Sources */ = {
			isa = PBXSourcesBuildPhase;
			buildActionMask = 2147483647;
			files = (
				CC8C5EED1C4F60DF00372CFF /* UIImage+MultiFormat.m in Sources */,
				CC2726DA1C54F4E8003D0B3D /* GuideVC.m in Sources */,
				CC8C5EEE1C4F60DF00372CFF /* UIImage+WebP.m in Sources */,
				CCEEEA211C4E741D005C9C93 /* ContentCell.m in Sources */,
				CC8C5EE91C4F60DF00372CFF /* SDWebImageManager.m in Sources */,
				CC92CB1B1C4FA51200FDE995 /* FXBlurView.m in Sources */,
				CCEEEA151C4E685E005C9C93 /* AFHTTPRequestOperation.m in Sources */,
				CCEEE9E71C4E3392005C9C93 /* ViewController.m in Sources */,
				CCEEEA161C4E685E005C9C93 /* AFHTTPRequestOperationManager.m in Sources */,
				CC8C5EE71C4F60DF00372CFF /* SDWebImageDownloader.m in Sources */,
				CC2212581C51F0CB00BC2219 /* DBEngine.m in Sources */,
				CCEEEA181C4E685E005C9C93 /* AFNetworkReachabilityManager.m in Sources */,
				CC92CAEC1C4F6F5500FDE995 /* NSString+Size.m in Sources */,
				CC8C5EBF1C4F399E00372CFF /* ContentModel.m in Sources */,
				CCEEEA1C1C4E685E005C9C93 /* AFURLResponseSerialization.m in Sources */,
				CCEEEA1A1C4E685E005C9C93 /* AFURLConnectionOperation.m in Sources */,
				CC2212661C51FE8700BC2219 /* FMDatabaseAdditions.m in Sources */,
				CC2212651C51FE8700BC2219 /* FMDatabase.m in Sources */,
				CC8C5EE21C4F60DF00372CFF /* MKAnnotationView+WebCache.m in Sources */,
				CCEEEA191C4E685E005C9C93 /* AFSecurityPolicy.m in Sources */,
				CC8C5EE31C4F60DF00372CFF /* NSData+ImageContentType.m in Sources */,
				CC8C5EEC1C4F60DF00372CFF /* UIImage+GIF.m in Sources */,
				CC8C5EEB1C4F60DF00372CFF /* UIButton+WebCache.m in Sources */,
				CC7DDB6B1C55BF4000DF3583 /* SettingButton.m in Sources */,
				CCEEEA171C4E685E005C9C93 /* AFHTTPSessionManager.m in Sources */,
				CC8C5EEA1C4F60DF00372CFF /* SDWebImagePrefetcher.m in Sources */,
				CC8C5EE61C4F60DF00372CFF /* SDWebImageDecoder.m in Sources */,
				CC2212681C51FE8700BC2219 /* FMDatabaseQueue.m in Sources */,
				CC8C5EE41C4F60DF00372CFF /* SDImageCache.m in Sources */,
				CC8C5EE51C4F60DF00372CFF /* SDWebImageCompat.m in Sources */,
				CC2212671C51FE8700BC2219 /* FMDatabasePool.m in Sources */,
				CC8C5EF11C4F60DF00372CFF /* UIView+WebCacheOperation.m in Sources */,
				CCE222EF1C50AF25006B2444 /* FavoriteVC.m in Sources */,
				CCEEEA1B1C4E685E005C9C93 /* AFURLRequestSerialization.m in Sources */,
				CCEEEA1D1C4E685E005C9C93 /* AFURLSessionManager.m in Sources */,
				CC8C5EE81C4F60DF00372CFF /* SDWebImageDownloaderOperation.m in Sources */,
				CCEEE9E41C4E3392005C9C93 /* AppDelegate.m in Sources */,
				CC92CB2D1C4FC54C00FDE995 /* SettingVC.m in Sources */,
				CC2212881C5246AC00BC2219 /* FavoriteCell.m in Sources */,
				CC8C5EF01C4F60DF00372CFF /* UIImageView+WebCache.m in Sources */,
				CC2212691C51FE8700BC2219 /* FMResultSet.m in Sources */,
				CC8C5EEF1C4F60DF00372CFF /* UIImageView+HighlightedWebCache.m in Sources */,
				CCEEE9E11C4E3392005C9C93 /* main.m in Sources */,
			);
			runOnlyForDeploymentPostprocessing = 0;
		};
/* End PBXSourcesBuildPhase section */

/* Begin PBXVariantGroup section */
		CCC0A2351C53B01900D29C22 /* UMSocialLocalizable.strings */ = {
			isa = PBXVariantGroup;
			children = (
				CCC0A2361C53B01900D29C22 /* en */,
				CCC0A24E1C53B01900D29C22 /* zh-Hans */,
			);
			name = UMSocialLocalizable.strings;
			sourceTree = "<group>";
		};
		CCEEE9E81C4E3392005C9C93 /* Main.storyboard */ = {
			isa = PBXVariantGroup;
			children = (
				CCEEE9E91C4E3392005C9C93 /* Base */,
			);
			name = Main.storyboard;
			sourceTree = "<group>";
		};
		CCEEE9ED1C4E3392005C9C93 /* LaunchScreen.storyboard */ = {
			isa = PBXVariantGroup;
			children = (
				CCEEE9EE1C4E3392005C9C93 /* Base */,
			);
			name = LaunchScreen.storyboard;
			sourceTree = "<group>";
		};
/* End PBXVariantGroup section */

/* Begin XCBuildConfiguration section */
		CCEEE9F11C4E3392005C9C93 /* Debug */ = {
			isa = XCBuildConfiguration;
			buildSettings = {
				ALWAYS_SEARCH_USER_PATHS = NO;
				CLANG_CXX_LANGUAGE_STANDARD = "gnu++0x";
				CLANG_CXX_LIBRARY = "libc++";
				CLANG_ENABLE_MODULES = YES;
				CLANG_ENABLE_OBJC_ARC = YES;
				CLANG_WARN_BOOL_CONVERSION = YES;
				CLANG_WARN_CONSTANT_CONVERSION = YES;
				CLANG_WARN_DIRECT_OBJC_ISA_USAGE = YES_ERROR;
				CLANG_WARN_EMPTY_BODY = YES;
				CLANG_WARN_ENUM_CONVERSION = YES;
				CLANG_WARN_INT_CONVERSION = YES;
				CLANG_WARN_OBJC_ROOT_CLASS = YES_ERROR;
				CLANG_WARN_UNREACHABLE_CODE = YES;
				CLANG_WARN__DUPLICATE_METHOD_MATCH = YES;
				CODE_SIGN_IDENTITY = "iPhone Developer: dorayo student (93QF9C8P8D)";
				"CODE_SIGN_IDENTITY[sdk=iphoneos*]" = "iPhone Developer: dorayo student (93QF9C8P8D)";
				COPY_PHASE_STRIP = NO;
				DEBUG_INFORMATION_FORMAT = dwarf;
				ENABLE_BITCODE = NO;
				ENABLE_STRICT_OBJC_MSGSEND = YES;
				ENABLE_TESTABILITY = YES;
				GCC_C_LANGUAGE_STANDARD = gnu99;
				GCC_DYNAMIC_NO_PIC = NO;
				GCC_NO_COMMON_BLOCKS = YES;
				GCC_OPTIMIZATION_LEVEL = 0;
				GCC_PREPROCESSOR_DEFINITIONS = (
					"DEBUG=1",
					"$(inherited)",
				);
				GCC_WARN_64_TO_32_BIT_CONVERSION = YES;
				GCC_WARN_ABOUT_RETURN_TYPE = YES_ERROR;
				GCC_WARN_UNDECLARED_SELECTOR = YES;
				GCC_WARN_UNINITIALIZED_AUTOS = YES_AGGRESSIVE;
				GCC_WARN_UNUSED_FUNCTION = YES;
				GCC_WARN_UNUSED_VARIABLE = YES;
				IPHONEOS_DEPLOYMENT_TARGET = 9.0;
				MTL_ENABLE_DEBUG_INFO = YES;
				ONLY_ACTIVE_ARCH = YES;
				PROVISIONING_PROFILE = "86754809-db58-4b7a-81a8-30c2e5b08852";
				SDKROOT = iphoneos;
			};
			name = Debug;
		};
		CCEEE9F21C4E3392005C9C93 /* Release */ = {
			isa = XCBuildConfiguration;
			buildSettings = {
				ALWAYS_SEARCH_USER_PATHS = NO;
				CLANG_CXX_LANGUAGE_STANDARD = "gnu++0x";
				CLANG_CXX_LIBRARY = "libc++";
				CLANG_ENABLE_MODULES = YES;
				CLANG_ENABLE_OBJC_ARC = YES;
				CLANG_WARN_BOOL_CONVERSION = YES;
				CLANG_WARN_CONSTANT_CONVERSION = YES;
				CLANG_WARN_DIRECT_OBJC_ISA_USAGE = YES_ERROR;
				CLANG_WARN_EMPTY_BODY = YES;
				CLANG_WARN_ENUM_CONVERSION = YES;
				CLANG_WARN_INT_CONVERSION = YES;
				CLANG_WARN_OBJC_ROOT_CLASS = YES_ERROR;
				CLANG_WARN_UNREACHABLE_CODE = YES;
				CLANG_WARN__DUPLICATE_METHOD_MATCH = YES;
				CODE_SIGN_IDENTITY = "iPhone Developer: dorayo student (93QF9C8P8D)";
				"CODE_SIGN_IDENTITY[sdk=iphoneos*]" = "iPhone Developer: dorayo student (93QF9C8P8D)";
				COPY_PHASE_STRIP = NO;
				DEBUG_INFORMATION_FORMAT = "dwarf-with-dsym";
				ENABLE_BITCODE = NO;
				ENABLE_NS_ASSERTIONS = NO;
				ENABLE_STRICT_OBJC_MSGSEND = YES;
				GCC_C_LANGUAGE_STANDARD = gnu99;
				GCC_NO_COMMON_BLOCKS = YES;
				GCC_WARN_64_TO_32_BIT_CONVERSION = YES;
				GCC_WARN_ABOUT_RETURN_TYPE = YES_ERROR;
				GCC_WARN_UNDECLARED_SELECTOR = YES;
				GCC_WARN_UNINITIALIZED_AUTOS = YES_AGGRESSIVE;
				GCC_WARN_UNUSED_FUNCTION = YES;
				GCC_WARN_UNUSED_VARIABLE = YES;
				IPHONEOS_DEPLOYMENT_TARGET = 9.0;
				MTL_ENABLE_DEBUG_INFO = NO;
				PROVISIONING_PROFILE = "86754809-db58-4b7a-81a8-30c2e5b08852";
				SDKROOT = iphoneos;
				VALIDATE_PRODUCT = YES;
			};
			name = Release;
		};
		CCEEE9F41C4E3392005C9C93 /* Debug */ = {
			isa = XCBuildConfiguration;
			buildSettings = {
				ASSETCATALOG_COMPILER_APPICON_NAME = AppIcon;
				CODE_SIGN_IDENTITY = "iPhone Developer";
				"CODE_SIGN_IDENTITY[sdk=iphoneos*]" = "iPhone Developer";
				ENABLE_BITCODE = NO;
				FRAMEWORK_SEARCH_PATHS = (
					"$(inherited)",
					"$(PROJECT_DIR)/MoodNote/UMSocial_Sdk_Extra_Frameworks/TencentOpenAPI",
				);
				INFOPLIST_FILE = MoodNote/Info.plist;
				IPHONEOS_DEPLOYMENT_TARGET = 7.1;
				LD_RUNPATH_SEARCH_PATHS = "$(inherited) @executable_path/Frameworks";
				LIBRARY_SEARCH_PATHS = (
					"$(inherited)",
					"$(SYSTEM_LIBRARY_DIR)/Tcl/sqlite3",
					"$(PROJECT_DIR)/MoodNote/UMSocial_Sdk_4.4",
					"$(PROJECT_DIR)/MoodNote/UMSocial_Sdk_Extra_Frameworks/Sina",
					"$(PROJECT_DIR)/MoodNote/UMSocial_Sdk_Extra_Frameworks/SinaSSO",
					"$(PROJECT_DIR)/MoodNote/UMSocial_Sdk_Extra_Frameworks/TencentOpenAPI",
					"$(PROJECT_DIR)/MoodNote/UMSocial_Sdk_Extra_Frameworks/UMSocial_ScreenShot_Sdk",
					"$(PROJECT_DIR)/MoodNote/UMSocial_Sdk_Extra_Frameworks/Wechat",
					"$(PROJECT_DIR)/MoodNote/Sina",
					"$(PROJECT_DIR)/MoodNote/SinaSSO",
				);
				PRODUCT_BUNDLE_IDENTIFIER = com.qingyun.MoodNote;
				PRODUCT_NAME = "$(TARGET_NAME)";
				PROVISIONING_PROFILE = "";
			};
			name = Debug;
		};
		CCEEE9F51C4E3392005C9C93 /* Release */ = {
			isa = XCBuildConfiguration;
			buildSettings = {
				ASSETCATALOG_COMPILER_APPICON_NAME = AppIcon;
				CODE_SIGN_IDENTITY = "iPhone Developer";
				"CODE_SIGN_IDENTITY[sdk=iphoneos*]" = "iPhone Developer";
				ENABLE_BITCODE = NO;
				FRAMEWORK_SEARCH_PATHS = (
					"$(inherited)",
					"$(PROJECT_DIR)/MoodNote/UMSocial_Sdk_Extra_Frameworks/TencentOpenAPI",
				);
				INFOPLIST_FILE = MoodNote/Info.plist;
				IPHONEOS_DEPLOYMENT_TARGET = 7.1;
				LD_RUNPATH_SEARCH_PATHS = "$(inherited) @executable_path/Frameworks";
				LIBRARY_SEARCH_PATHS = (
					"$(inherited)",
					"$(SYSTEM_LIBRARY_DIR)/Tcl/sqlite3",
					"$(PROJECT_DIR)/MoodNote/UMSocial_Sdk_4.4",
					"$(PROJECT_DIR)/MoodNote/UMSocial_Sdk_Extra_Frameworks/Sina",
					"$(PROJECT_DIR)/MoodNote/UMSocial_Sdk_Extra_Frameworks/SinaSSO",
					"$(PROJECT_DIR)/MoodNote/UMSocial_Sdk_Extra_Frameworks/TencentOpenAPI",
					"$(PROJECT_DIR)/MoodNote/UMSocial_Sdk_Extra_Frameworks/UMSocial_ScreenShot_Sdk",
					"$(PROJECT_DIR)/MoodNote/UMSocial_Sdk_Extra_Frameworks/Wechat",
					"$(PROJECT_DIR)/MoodNote/Sina",
					"$(PROJECT_DIR)/MoodNote/SinaSSO",
				);
				PRODUCT_BUNDLE_IDENTIFIER = com.qingyun.MoodNote;
				PRODUCT_NAME = "$(TARGET_NAME)";
				PROVISIONING_PROFILE = "";
			};
			name = Release;
		};
/* End XCBuildConfiguration section */

/* Begin XCConfigurationList section */
		CCEEE9D71C4E3392005C9C93 /* Build configuration list for PBXProject "MoodNote" */ = {
			isa = XCConfigurationList;
			buildConfigurations = (
				CCEEE9F11C4E3392005C9C93 /* Debug */,
				CCEEE9F21C4E3392005C9C93 /* Release */,
			);
			defaultConfigurationIsVisible = 0;
			defaultConfigurationName = Release;
		};
		CCEEE9F31C4E3392005C9C93 /* Build configuration list for PBXNativeTarget "MoodNote" */ = {
			isa = XCConfigurationList;
			buildConfigurations = (
				CCEEE9F41C4E3392005C9C93 /* Debug */,
				CCEEE9F51C4E3392005C9C93 /* Release */,
			);
			defaultConfigurationIsVisible = 0;
			defaultConfigurationName = Release;
		};
/* End XCConfigurationList section */
	};
	rootObject = CCEEE9D41C4E3392005C9C93 /* Project object */;
}
