// !$*UTF8*$!
{
	archiveVersion = 1;
	classes = {
	};
	objectVersion = 46;
	objects = {

/* Begin PBXBuildFile section */
		CCEEE9E11C4E3392005C9C93 /* main.m in Sources */ = {isa = PBXBuildFile; fileRef = CCEEE9E01C4E3392005C9C93 /* main.m */; };
		CCEEE9E41C4E3392005C9C93 /* AppDelegate.m in Sources */ = {isa = PBXBuildFile; fileRef = CCEEE9E31C4E3392005C9C93 /* AppDelegate.m */; };
		CCEEE9E71C4E3392005C9C93 /* ViewController.m in Sources */ = {isa = PBXBuildFile; fileRef = CCEEE9E61C4E3392005C9C93 /* ViewController.m */; };
		CCEEE9EA1C4E3392005C9C93 /* Main.storyboard in Resources */ = {isa = PBXBuildFile; fileRef = CCEEE9E81C4E3392005C9C93 /* Main.storyboard */; };
		CCEEE9EC1C4E3392005C9C93 /* Assets.xcassets in Resources */ = {isa = PBXBuildFile; fileRef = CCEEE9EB1C4E3392005C9C93 /* Assets.xcassets */; };
		CCEEE9EF1C4E3392005C9C93 /* LaunchScreen.storyboard in Resources */ = {isa = PBXBuildFile; fileRef = CCEEE9ED1C4E3392005C9C93 /* LaunchScreen.storyboard */; };
		CCEEE9FE1C4E3EA5005C9C93 /* xiangkuang.png in Resources */ = {isa = PBXBuildFile; fileRef = CCEEE9FD1C4E3EA5005C9C93 /* xiangkuang.png */; };
		CCEEEA151C4E685E005C9C93 /* AFHTTPRequestOperation.m in Sources */ = {isa = PBXBuildFile; fileRef = CCEEEA031C4E685E005C9C93 /* AFHTTPRequestOperation.m */; };
		CCEEEA161C4E685E005C9C93 /* AFHTTPRequestOperationManager.m in Sources */ = {isa = PBXBuildFile; fileRef = CCEEEA051C4E685E005C9C93 /* AFHTTPRequestOperationManager.m */; };
		CCEEEA171C4E685E005C9C93 /* AFHTTPSessionManager.m in Sources */ = {isa = PBXBuildFile; fileRef = CCEEEA071C4E685E005C9C93 /* AFHTTPSessionManager.m */; };
		CCEEEA181C4E685E005C9C93 /* AFNetworkReachabilityManager.m in Sources */ = {isa = PBXBuildFile; fileRef = CCEEEA0A1C4E685E005C9C93 /* AFNetworkReachabilityManager.m */; };
		CCEEEA191C4E685E005C9C93 /* AFSecurityPolicy.m in Sources */ = {isa = PBXBuildFile; fileRef = CCEEEA0C1C4E685E005C9C93 /* AFSecurityPolicy.m */; };
		CCEEEA1A1C4E685E005C9C93 /* AFURLConnectionOperation.m in Sources */ = {isa = PBXBuildFile; fileRef = CCEEEA0E1C4E685E005C9C93 /* AFURLConnectionOperation.m */; };
		CCEEEA1B1C4E685E005C9C93 /* AFURLRequestSerialization.m in Sources */ = {isa = PBXBuildFile; fileRef = CCEEEA101C4E685E005C9C93 /* AFURLRequestSerialization.m */; };
		CCEEEA1C1C4E685E005C9C93 /* AFURLResponseSerialization.m in Sources */ = {isa = PBXBuildFile; fileRef = CCEEEA121C4E685E005C9C93 /* AFURLResponseSerialization.m */; };
		CCEEEA1D1C4E685E005C9C93 /* AFURLSessionManager.m in Sources */ = {isa = PBXBuildFile; fileRef = CCEEEA141C4E685E005C9C93 /* AFURLSessionManager.m */; };
/* End PBXBuildFile section */

/* Begin PBXFileReference section */
		CCEEE9DC1C4E3392005C9C93 /* MoodNote.app */ = {isa = PBXFileReference; explicitFileType = wrapper.application; includeInIndex = 0; path = MoodNote.app; sourceTree = BUILT_PRODUCTS_DIR; };
		CCEEE9E01C4E3392005C9C93 /* main.m */ = {isa = PBXFileReference; lastKnownFileType = sourcecode.c.objc; path = main.m; sourceTree = "<group>"; };
		CCEEE9E21C4E3392005C9C93 /* AppDelegate.h */ = {isa = PBXFileReference; lastKnownFileType = sourcecode.c.h; path = AppDelegate.h; sourceTree = "<group>"; };
		CCEEE9E31C4E3392005C9C93 /* AppDelegate.m */ = {isa = PBXFileReference; lastKnownFileType = sourcecode.c.objc; path = AppDelegate.m; sourceTree = "<group>"; };
		CCEEE9E51C4E3392005C9C93 /* ViewController.h */ = {isa = PBXFileReference; lastKnownFileType = sourcecode.c.h; path = ViewController.h; sourceTree = "<group>"; };
		CCEEE9E61C4E3392005C9C93 /* ViewController.m */ = {isa = PBXFileReference; lastKnownFileType = sourcecode.c.objc; path = ViewController.m; sourceTree = "<group>"; };
		CCEEE9E91C4E3392005C9C93 /* Base */ = {isa = PBXFileReference; lastKnownFileType = file.storyboard; name = Base; path = Base.lproj/Main.storyboard; sourceTree = "<group>"; };
		CCEEE9EB1C4E3392005C9C93 /* Assets.xcassets */ = {isa = PBXFileReference; lastKnownFileType = folder.assetcatalog; path = Assets.xcassets; sourceTree = "<group>"; };
		CCEEE9EE1C4E3392005C9C93 /* Base */ = {isa = PBXFileReference; lastKnownFileType = file.storyboard; name = Base; path = Base.lproj/LaunchScreen.storyboard; sourceTree = "<group>"; };
		CCEEE9F01C4E3392005C9C93 /* Info.plist */ = {isa = PBXFileReference; lastKnownFileType = text.plist.xml; path = Info.plist; sourceTree = "<group>"; };
		CCEEE9FD1C4E3EA5005C9C93 /* xiangkuang.png */ = {isa = PBXFileReference; lastKnownFileType = image.png; path = xiangkuang.png; sourceTree = "<group>"; };
		CCEEE9FF1C4E4D39005C9C93 /* Common.h */ = {isa = PBXFileReference; lastKnownFileType = sourcecode.c.h; path = Common.h; sourceTree = "<group>"; };
		CCEEEA021C4E685E005C9C93 /* AFHTTPRequestOperation.h */ = {isa = PBXFileReference; fileEncoding = 4; lastKnownFileType = sourcecode.c.h; path = AFHTTPRequestOperation.h; sourceTree = "<group>"; };
		CCEEEA031C4E685E005C9C93 /* AFHTTPRequestOperation.m */ = {isa = PBXFileReference; fileEncoding = 4; lastKnownFileType = sourcecode.c.objc; path = AFHTTPRequestOperation.m; sourceTree = "<group>"; };
		CCEEEA041C4E685E005C9C93 /* AFHTTPRequestOperationManager.h */ = {isa = PBXFileReference; fileEncoding = 4; lastKnownFileType = sourcecode.c.h; path = AFHTTPRequestOperationManager.h; sourceTree = "<group>"; };
		CCEEEA051C4E685E005C9C93 /* AFHTTPRequestOperationManager.m */ = {isa = PBXFileReference; fileEncoding = 4; lastKnownFileType = sourcecode.c.objc; path = AFHTTPRequestOperationManager.m; sourceTree = "<group>"; };
		CCEEEA061C4E685E005C9C93 /* AFHTTPSessionManager.h */ = {isa = PBXFileReference; fileEncoding = 4; lastKnownFileType = sourcecode.c.h; path = AFHTTPSessionManager.h; sourceTree = "<group>"; };
		CCEEEA071C4E685E005C9C93 /* AFHTTPSessionManager.m */ = {isa = PBXFileReference; fileEncoding = 4; lastKnownFileType = sourcecode.c.objc; path = AFHTTPSessionManager.m; sourceTree = "<group>"; };
		CCEEEA081C4E685E005C9C93 /* AFNetworking.h */ = {isa = PBXFileReference; fileEncoding = 4; lastKnownFileType = sourcecode.c.h; path = AFNetworking.h; sourceTree = "<group>"; };
		CCEEEA091C4E685E005C9C93 /* AFNetworkReachabilityManager.h */ = {isa = PBXFileReference; fileEncoding = 4; lastKnownFileType = sourcecode.c.h; path = AFNetworkReachabilityManager.h; sourceTree = "<group>"; };
		CCEEEA0A1C4E685E005C9C93 /* AFNetworkReachabilityManager.m */ = {isa = PBXFileReference; fileEncoding = 4; lastKnownFileType = sourcecode.c.objc; path = AFNetworkReachabilityManager.m; sourceTree = "<group>"; };
		CCEEEA0B1C4E685E005C9C93 /* AFSecurityPolicy.h */ = {isa = PBXFileReference; fileEncoding = 4; lastKnownFileType = sourcecode.c.h; path = AFSecurityPolicy.h; sourceTree = "<group>"; };
		CCEEEA0C1C4E685E005C9C93 /* AFSecurityPolicy.m */ = {isa = PBXFileReference; fileEncoding = 4; lastKnownFileType = sourcecode.c.objc; path = AFSecurityPolicy.m; sourceTree = "<group>"; };
		CCEEEA0D1C4E685E005C9C93 /* AFURLConnectionOperation.h */ = {isa = PBXFileReference; fileEncoding = 4; lastKnownFileType = sourcecode.c.h; path = AFURLConnectionOperation.h; sourceTree = "<group>"; };
		CCEEEA0E1C4E685E005C9C93 /* AFURLConnectionOperation.m */ = {isa = PBXFileReference; fileEncoding = 4; lastKnownFileType = sourcecode.c.objc; path = AFURLConnectionOperation.m; sourceTree = "<group>"; };
		CCEEEA0F1C4E685E005C9C93 /* AFURLRequestSerialization.h */ = {isa = PBXFileReference; fileEncoding = 4; lastKnownFileType = sourcecode.c.h; path = AFURLRequestSerialization.h; sourceTree = "<group>"; };
		CCEEEA101C4E685E005C9C93 /* AFURLRequestSerialization.m */ = {isa = PBXFileReference; fileEncoding = 4; lastKnownFileType = sourcecode.c.objc; path = AFURLRequestSerialization.m; sourceTree = "<group>"; };
		CCEEEA111C4E685E005C9C93 /* AFURLResponseSerialization.h */ = {isa = PBXFileReference; fileEncoding = 4; lastKnownFileType = sourcecode.c.h; path = AFURLResponseSerialization.h; sourceTree = "<group>"; };
		CCEEEA121C4E685E005C9C93 /* AFURLResponseSerialization.m */ = {isa = PBXFileReference; fileEncoding = 4; lastKnownFileType = sourcecode.c.objc; path = AFURLResponseSerialization.m; sourceTree = "<group>"; };
		CCEEEA131C4E685E005C9C93 /* AFURLSessionManager.h */ = {isa = PBXFileReference; fileEncoding = 4; lastKnownFileType = sourcecode.c.h; path = AFURLSessionManager.h; sourceTree = "<group>"; };
		CCEEEA141C4E685E005C9C93 /* AFURLSessionManager.m */ = {isa = PBXFileReference; fileEncoding = 4; lastKnownFileType = sourcecode.c.objc; path = AFURLSessionManager.m; sourceTree = "<group>"; };
/* End PBXFileReference section */

/* Begin PBXFrameworksBuildPhase section */
		CCEEE9D91C4E3392005C9C93 /* Frameworks */ = {
			isa = PBXFrameworksBuildPhase;
			buildActionMask = 2147483647;
			files = (
			);
			runOnlyForDeploymentPostprocessing = 0;
		};
/* End PBXFrameworksBuildPhase section */

/* Begin PBXGroup section */
		CCEEE9D31C4E3392005C9C93 = {
			isa = PBXGroup;
			children = (
				CCEEE9DE1C4E3392005C9C93 /* MoodNote */,
				CCEEE9DD1C4E3392005C9C93 /* Products */,
			);
			sourceTree = "<group>";
		};
		CCEEE9DD1C4E3392005C9C93 /* Products */ = {
			isa = PBXGroup;
			children = (
				CCEEE9DC1C4E3392005C9C93 /* MoodNote.app */,
			);
			name = Products;
			sourceTree = "<group>";
		};
		CCEEE9DE1C4E3392005C9C93 /* MoodNote */ = {
			isa = PBXGroup;
			children = (
				CCEEEA001C4E6830005C9C93 /* OpenSources */,
				CCEEE9FA1C4E3444005C9C93 /* Others */,
				CCEEE9F91C4E343D005C9C93 /* Tools */,
				CCEEE9F81C4E33EA005C9C93 /* Models */,
				CCEEE9F71C4E33E4005C9C93 /* Views */,
				CCEEE9F61C4E33D7005C9C93 /* Controllers */,
				CCEEE9DF1C4E3392005C9C93 /* Supporting Files */,
			);
			path = MoodNote;
			sourceTree = "<group>";
		};
		CCEEE9DF1C4E3392005C9C93 /* Supporting Files */ = {
			isa = PBXGroup;
			children = (
				CCEEE9FD1C4E3EA5005C9C93 /* xiangkuang.png */,
				CCEEE9ED1C4E3392005C9C93 /* LaunchScreen.storyboard */,
				CCEEE9EB1C4E3392005C9C93 /* Assets.xcassets */,
				CCEEE9F01C4E3392005C9C93 /* Info.plist */,
				CCEEE9E01C4E3392005C9C93 /* main.m */,
			);
			name = "Supporting Files";
			sourceTree = "<group>";
		};
		CCEEE9F61C4E33D7005C9C93 /* Controllers */ = {
			isa = PBXGroup;
			children = (
				CCEEE9E51C4E3392005C9C93 /* ViewController.h */,
				CCEEE9E61C4E3392005C9C93 /* ViewController.m */,
			);
			name = Controllers;
			sourceTree = "<group>";
		};
		CCEEE9F71C4E33E4005C9C93 /* Views */ = {
			isa = PBXGroup;
			children = (
				CCEEE9E81C4E3392005C9C93 /* Main.storyboard */,
			);
			name = Views;
			sourceTree = "<group>";
		};
		CCEEE9F81C4E33EA005C9C93 /* Models */ = {
			isa = PBXGroup;
			children = (
			);
			name = Models;
			sourceTree = "<group>";
		};
		CCEEE9F91C4E343D005C9C93 /* Tools */ = {
			isa = PBXGroup;
			children = (
			);
			name = Tools;
			sourceTree = "<group>";
		};
		CCEEE9FA1C4E3444005C9C93 /* Others */ = {
			isa = PBXGroup;
			children = (
				CCEEE9E21C4E3392005C9C93 /* AppDelegate.h */,
				CCEEE9E31C4E3392005C9C93 /* AppDelegate.m */,
				CCEEE9FF1C4E4D39005C9C93 /* Common.h */,
			);
			name = Others;
			sourceTree = "<group>";
		};
		CCEEEA001C4E6830005C9C93 /* OpenSources */ = {
			isa = PBXGroup;
			children = (
				CCEEEA011C4E685E005C9C93 /* AFNetworking */,
			);
			name = OpenSources;
			sourceTree = "<group>";
		};
		CCEEEA011C4E685E005C9C93 /* AFNetworking */ = {
			isa = PBXGroup;
			children = (
				CCEEEA021C4E685E005C9C93 /* AFHTTPRequestOperation.h */,
				CCEEEA031C4E685E005C9C93 /* AFHTTPRequestOperation.m */,
				CCEEEA041C4E685E005C9C93 /* AFHTTPRequestOperationManager.h */,
				CCEEEA051C4E685E005C9C93 /* AFHTTPRequestOperationManager.m */,
				CCEEEA061C4E685E005C9C93 /* AFHTTPSessionManager.h */,
				CCEEEA071C4E685E005C9C93 /* AFHTTPSessionManager.m */,
				CCEEEA081C4E685E005C9C93 /* AFNetworking.h */,
				CCEEEA091C4E685E005C9C93 /* AFNetworkReachabilityManager.h */,
				CCEEEA0A1C4E685E005C9C93 /* AFNetworkReachabilityManager.m */,
				CCEEEA0B1C4E685E005C9C93 /* AFSecurityPolicy.h */,
				CCEEEA0C1C4E685E005C9C93 /* AFSecurityPolicy.m */,
				CCEEEA0D1C4E685E005C9C93 /* AFURLConnectionOperation.h */,
				CCEEEA0E1C4E685E005C9C93 /* AFURLConnectionOperation.m */,
				CCEEEA0F1C4E685E005C9C93 /* AFURLRequestSerialization.h */,
				CCEEEA101C4E685E005C9C93 /* AFURLRequestSerialization.m */,
				CCEEEA111C4E685E005C9C93 /* AFURLResponseSerialization.h */,
				CCEEEA121C4E685E005C9C93 /* AFURLResponseSerialization.m */,
				CCEEEA131C4E685E005C9C93 /* AFURLSessionManager.h */,
				CCEEEA141C4E685E005C9C93 /* AFURLSessionManager.m */,
			);
			path = AFNetworking;
			sourceTree = "<group>";
		};
/* End PBXGroup section */

/* Begin PBXNativeTarget section */
		CCEEE9DB1C4E3392005C9C93 /* MoodNote */ = {
			isa = PBXNativeTarget;
			buildConfigurationList = CCEEE9F31C4E3392005C9C93 /* Build configuration list for PBXNativeTarget "MoodNote" */;
			buildPhases = (
				CCEEE9D81C4E3392005C9C93 /* Sources */,
				CCEEE9D91C4E3392005C9C93 /* Frameworks */,
				CCEEE9DA1C4E3392005C9C93 /* Resources */,
			);
			buildRules = (
			);
			dependencies = (
			);
			name = MoodNote;
			productName = MoodNote;
			productReference = CCEEE9DC1C4E3392005C9C93 /* MoodNote.app */;
			productType = "com.apple.product-type.application";
		};
/* End PBXNativeTarget section */

/* Begin PBXProject section */
		CCEEE9D41C4E3392005C9C93 /* Project object */ = {
			isa = PBXProject;
			attributes = {
				LastUpgradeCheck = 0710;
				ORGANIZATIONNAME = qingyun;
				TargetAttributes = {
					CCEEE9DB1C4E3392005C9C93 = {
						CreatedOnToolsVersion = 7.1;
					};
				};
			};
			buildConfigurationList = CCEEE9D71C4E3392005C9C93 /* Build configuration list for PBXProject "MoodNote" */;
			compatibilityVersion = "Xcode 3.2";
			developmentRegion = English;
			hasScannedForEncodings = 0;
			knownRegions = (
				en,
				Base,
			);
			mainGroup = CCEEE9D31C4E3392005C9C93;
			productRefGroup = CCEEE9DD1C4E3392005C9C93 /* Products */;
			projectDirPath = "";
			projectRoot = "";
			targets = (
				CCEEE9DB1C4E3392005C9C93 /* MoodNote */,
			);
		};
/* End PBXProject section */

/* Begin PBXResourcesBuildPhase section */
		CCEEE9DA1C4E3392005C9C93 /* Resources */ = {
			isa = PBXResourcesBuildPhase;
			buildActionMask = 2147483647;
			files = (
				CCEEE9EF1C4E3392005C9C93 /* LaunchScreen.storyboard in Resources */,
				CCEEE9EC1C4E3392005C9C93 /* Assets.xcassets in Resources */,
				CCEEE9FE1C4E3EA5005C9C93 /* xiangkuang.png in Resources */,
				CCEEE9EA1C4E3392005C9C93 /* Main.storyboard in Resources */,
			);
			runOnlyForDeploymentPostprocessing = 0;
		};
/* End PBXResourcesBuildPhase section */

/* Begin PBXSourcesBuildPhase section */
		CCEEE9D81C4E3392005C9C93 /* Sources */ = {
			isa = PBXSourcesBuildPhase;
			buildActionMask = 2147483647;
			files = (
				CCEEEA151C4E685E005C9C93 /* AFHTTPRequestOperation.m in Sources */,
				CCEEE9E71C4E3392005C9C93 /* ViewController.m in Sources */,
				CCEEEA161C4E685E005C9C93 /* AFHTTPRequestOperationManager.m in Sources */,
				CCEEEA181C4E685E005C9C93 /* AFNetworkReachabilityManager.m in Sources */,
				CCEEEA1C1C4E685E005C9C93 /* AFURLResponseSerialization.m in Sources */,
				CCEEEA1A1C4E685E005C9C93 /* AFURLConnectionOperation.m in Sources */,
				CCEEEA191C4E685E005C9C93 /* AFSecurityPolicy.m in Sources */,
				CCEEEA171C4E685E005C9C93 /* AFHTTPSessionManager.m in Sources */,
				CCEEEA1B1C4E685E005C9C93 /* AFURLRequestSerialization.m in Sources */,
				CCEEEA1D1C4E685E005C9C93 /* AFURLSessionManager.m in Sources */,
				CCEEE9E41C4E3392005C9C93 /* AppDelegate.m in Sources */,
				CCEEE9E11C4E3392005C9C93 /* main.m in Sources */,
			);
			runOnlyForDeploymentPostprocessing = 0;
		};
/* End PBXSourcesBuildPhase section */

/* Begin PBXVariantGroup section */
		CCEEE9E81C4E3392005C9C93 /* Main.storyboard */ = {
			isa = PBXVariantGroup;
			children = (
				CCEEE9E91C4E3392005C9C93 /* Base */,
			);
			name = Main.storyboard;
			sourceTree = "<group>";
		};
		CCEEE9ED1C4E3392005C9C93 /* LaunchScreen.storyboard */ = {
			isa = PBXVariantGroup;
			children = (
				CCEEE9EE1C4E3392005C9C93 /* Base */,
			);
			name = LaunchScreen.storyboard;
			sourceTree = "<group>";
		};
/* End PBXVariantGroup section */

/* Begin XCBuildConfiguration section */
		CCEEE9F11C4E3392005C9C93 /* Debug */ = {
			isa = XCBuildConfiguration;
			buildSettings = {
				ALWAYS_SEARCH_USER_PATHS = NO;
				CLANG_CXX_LANGUAGE_STANDARD = "gnu++0x";
				CLANG_CXX_LIBRARY = "libc++";
				CLANG_ENABLE_MODULES = YES;
				CLANG_ENABLE_OBJC_ARC = YES;
				CLANG_WARN_BOOL_CONVERSION = YES;
				CLANG_WARN_CONSTANT_CONVERSION = YES;
				CLANG_WARN_DIRECT_OBJC_ISA_USAGE = YES_ERROR;
				CLANG_WARN_EMPTY_BODY = YES;
				CLANG_WARN_ENUM_CONVERSION = YES;
				CLANG_WARN_INT_CONVERSION = YES;
				CLANG_WARN_OBJC_ROOT_CLASS = YES_ERROR;
				CLANG_WARN_UNREACHABLE_CODE = YES;
				CLANG_WARN__DUPLICATE_METHOD_MATCH = YES;
				"CODE_SIGN_IDENTITY[sdk=iphoneos*]" = "iPhone Developer";
				COPY_PHASE_STRIP = NO;
				DEBUG_INFORMATION_FORMAT = dwarf;
				ENABLE_STRICT_OBJC_MSGSEND = YES;
				ENABLE_TESTABILITY = YES;
				GCC_C_LANGUAGE_STANDARD = gnu99;
				GCC_DYNAMIC_NO_PIC = NO;
				GCC_NO_COMMON_BLOCKS = YES;
				GCC_OPTIMIZATION_LEVEL = 0;
				GCC_PREPROCESSOR_DEFINITIONS = (
					"DEBUG=1",
					"$(inherited)",
				);
				GCC_WARN_64_TO_32_BIT_CONVERSION = YES;
				GCC_WARN_ABOUT_RETURN_TYPE = YES_ERROR;
				GCC_WARN_UNDECLARED_SELECTOR = YES;
				GCC_WARN_UNINITIALIZED_AUTOS = YES_AGGRESSIVE;
				GCC_WARN_UNUSED_FUNCTION = YES;
				GCC_WARN_UNUSED_VARIABLE = YES;
				IPHONEOS_DEPLOYMENT_TARGET = 9.1;
				MTL_ENABLE_DEBUG_INFO = YES;
				ONLY_ACTIVE_ARCH = YES;
				SDKROOT = iphoneos;
			};
			name = Debug;
		};
		CCEEE9F21C4E3392005C9C93 /* Release */ = {
			isa = XCBuildConfiguration;
			buildSettings = {
				ALWAYS_SEARCH_USER_PATHS = NO;
				CLANG_CXX_LANGUAGE_STANDARD = "gnu++0x";
				CLANG_CXX_LIBRARY = "libc++";
				CLANG_ENABLE_MODULES = YES;
				CLANG_ENABLE_OBJC_ARC = YES;
				CLANG_WARN_BOOL_CONVERSION = YES;
				CLANG_WARN_CONSTANT_CONVERSION = YES;
				CLANG_WARN_DIRECT_OBJC_ISA_USAGE = YES_ERROR;
				CLANG_WARN_EMPTY_BODY = YES;
				CLANG_WARN_ENUM_CONVERSION = YES;
				CLANG_WARN_INT_CONVERSION = YES;
				CLANG_WARN_OBJC_ROOT_CLASS = YES_ERROR;
				CLANG_WARN_UNREACHABLE_CODE = YES;
				CLANG_WARN__DUPLICATE_METHOD_MATCH = YES;
				"CODE_SIGN_IDENTITY[sdk=iphoneos*]" = "iPhone Developer";
				COPY_PHASE_STRIP = NO;
				DEBUG_INFORMATION_FORMAT = "dwarf-with-dsym";
				ENABLE_NS_ASSERTIONS = NO;
				ENABLE_STRICT_OBJC_MSGSEND = YES;
				GCC_C_LANGUAGE_STANDARD = gnu99;
				GCC_NO_COMMON_BLOCKS = YES;
				GCC_WARN_64_TO_32_BIT_CONVERSION = YES;
				GCC_WARN_ABOUT_RETURN_TYPE = YES_ERROR;
				GCC_WARN_UNDECLARED_SELECTOR = YES;
				GCC_WARN_UNINITIALIZED_AUTOS = YES_AGGRESSIVE;
				GCC_WARN_UNUSED_FUNCTION = YES;
				GCC_WARN_UNUSED_VARIABLE = YES;
				IPHONEOS_DEPLOYMENT_TARGET = 9.1;
				MTL_ENABLE_DEBUG_INFO = NO;
				SDKROOT = iphoneos;
				VALIDATE_PRODUCT = YES;
			};
			name = Release;
		};
		CCEEE9F41C4E3392005C9C93 /* Debug */ = {
			isa = XCBuildConfiguration;
			buildSettings = {
				ASSETCATALOG_COMPILER_APPICON_NAME = AppIcon;
				INFOPLIST_FILE = MoodNote/Info.plist;
				LD_RUNPATH_SEARCH_PATHS = "$(inherited) @executable_path/Frameworks";
				PRODUCT_BUNDLE_IDENTIFIER = com.qingyun.MoodNote;
				PRODUCT_NAME = "$(TARGET_NAME)";
			};
			name = Debug;
		};
		CCEEE9F51C4E3392005C9C93 /* Release */ = {
			isa = XCBuildConfiguration;
			buildSettings = {
				ASSETCATALOG_COMPILER_APPICON_NAME = AppIcon;
				INFOPLIST_FILE = MoodNote/Info.plist;
				LD_RUNPATH_SEARCH_PATHS = "$(inherited) @executable_path/Frameworks";
				PRODUCT_BUNDLE_IDENTIFIER = com.qingyun.MoodNote;
				PRODUCT_NAME = "$(TARGET_NAME)";
			};
			name = Release;
		};
/* End XCBuildConfiguration section */

/* Begin XCConfigurationList section */
		CCEEE9D71C4E3392005C9C93 /* Build configuration list for PBXProject "MoodNote" */ = {
			isa = XCConfigurationList;
			buildConfigurations = (
				CCEEE9F11C4E3392005C9C93 /* Debug */,
				CCEEE9F21C4E3392005C9C93 /* Release */,
			);
			defaultConfigurationIsVisible = 0;
			defaultConfigurationName = Release;
		};
		CCEEE9F31C4E3392005C9C93 /* Build configuration list for PBXNativeTarget "MoodNote" */ = {
			isa = XCConfigurationList;
			buildConfigurations = (
				CCEEE9F41C4E3392005C9C93 /* Debug */,
				CCEEE9F51C4E3392005C9C93 /* Release */,
			);
			defaultConfigurationIsVisible = 0;
		};
/* End XCConfigurationList section */
	};
	rootObject = CCEEE9D41C4E3392005C9C93 /* Project object */;
}
